// !$*UTF8*$!
{
	archiveVersion = 1;
	classes = {
	};
	objectVersion = 46;
	objects = {
/* Begin PBXBuildFile section */
		0306C076BA7A4C398496080B /* CDVInAppBrowser.m in Sources */ = {isa = PBXBuildFile; fileRef = 713EE76E5D054B3CB2EDBCBB /* CDVInAppBrowser.m */; };
		1D3623260D0F684500981E51 /* AppDelegate.m in Sources */ = {isa = PBXBuildFile; fileRef = 1D3623250D0F684500981E51 /* AppDelegate.m */; };
		1D60589B0D05DD56006BFB54 /* main.m in Sources */ = {isa = PBXBuildFile; fileRef = 29B97316FDCFA39411CA2CEA /* main.m */; };
		2339590A094B433AAA83C602 /* StoreKit.framework in Frameworks */ = {isa = PBXBuildFile; fileRef = 6310ECD94B0D4A43B1554539 /* StoreKit.framework */; };
		288765FD0DF74451002DB57D /* CoreGraphics.framework in Frameworks */ = {isa = PBXBuildFile; fileRef = 288765FC0DF74451002DB57D /* CoreGraphics.framework */; };
		301BF552109A68D80062928A /* libCordova.a in Frameworks */ = {isa = PBXBuildFile; fileRef = 301BF535109A57CC0062928A /* libCordova.a */; };
		302D95F114D2391D003F00A1 /* MainViewController.m in Sources */ = {isa = PBXBuildFile; fileRef = 302D95EF14D2391D003F00A1 /* MainViewController.m */; };
		302D95F214D2391D003F00A1 /* MainViewController.xib in Resources */ = {isa = PBXBuildFile; fileRef = 302D95F014D2391D003F00A1 /* MainViewController.xib */; };
		305D5FD1115AB8F900A74A75 /* MobileCoreServices.framework in Frameworks */ = {isa = PBXBuildFile; fileRef = 305D5FD0115AB8F900A74A75 /* MobileCoreServices.framework */; };
		3088BBBD154F3926009F9C59 /* Default-Landscape@2x~ipad.png in Resources */ = {isa = PBXBuildFile; fileRef = 3088BBB7154F3926009F9C59 /* Default-Landscape@2x~ipad.png */; };
		3088BBBE154F3926009F9C59 /* Default-Landscape~ipad.png in Resources */ = {isa = PBXBuildFile; fileRef = 3088BBB8154F3926009F9C59 /* Default-Landscape~ipad.png */; };
		3088BBBF154F3926009F9C59 /* Default-Portrait@2x~ipad.png in Resources */ = {isa = PBXBuildFile; fileRef = 3088BBB9154F3926009F9C59 /* Default-Portrait@2x~ipad.png */; };
		3088BBC0154F3926009F9C59 /* Default-Portrait~ipad.png in Resources */ = {isa = PBXBuildFile; fileRef = 3088BBBA154F3926009F9C59 /* Default-Portrait~ipad.png */; };
		3088BBC1154F3926009F9C59 /* Default@2x~iphone.png in Resources */ = {isa = PBXBuildFile; fileRef = 3088BBBB154F3926009F9C59 /* Default@2x~iphone.png */; };
		3088BBC2154F3926009F9C59 /* Default~iphone.png in Resources */ = {isa = PBXBuildFile; fileRef = 3088BBBC154F3926009F9C59 /* Default~iphone.png */; };
		308D05371370CCF300D202BF /* icon-72.png in Resources */ = {isa = PBXBuildFile; fileRef = 308D052E1370CCF300D202BF /* icon-72.png */; };
		308D05381370CCF300D202BF /* icon.png in Resources */ = {isa = PBXBuildFile; fileRef = 308D052F1370CCF300D202BF /* icon.png */; };
		308D05391370CCF300D202BF /* icon@2x.png in Resources */ = {isa = PBXBuildFile; fileRef = 308D05301370CCF300D202BF /* icon@2x.png */; };
		30B4F30019D5E07200D9F7D8 /* Default-667h.png in Resources */ = {isa = PBXBuildFile; fileRef = 30B4F2FD19D5E07200D9F7D8 /* Default-667h.png */; };
		30B4F30119D5E07200D9F7D8 /* Default-736h.png in Resources */ = {isa = PBXBuildFile; fileRef = 30B4F2FE19D5E07200D9F7D8 /* Default-736h.png */; };
		30B4F30219D5E07200D9F7D8 /* Default-Landscape-736h.png in Resources */ = {isa = PBXBuildFile; fileRef = 30B4F2FF19D5E07200D9F7D8 /* Default-Landscape-736h.png */; };
		30C1856619D5FC0A00212699 /* icon-60@3x.png in Resources */ = {isa = PBXBuildFile; fileRef = 30C1856519D5FC0A00212699 /* icon-60@3x.png */; };
		30FC414916E50CA1004E6F35 /* icon-72@2x.png in Resources */ = {isa = PBXBuildFile; fileRef = 30FC414816E50CA1004E6F35 /* icon-72@2x.png */; };
		3F2A443427DA46AAB12E9C3E /* CDVStatusBar.m in Sources */ = {isa = PBXBuildFile; fileRef = 986D2C176EFF4A79BEB3907B /* CDVStatusBar.m */; };
		50CB70DB8B7F4E9297EC97B6 /* CDVLogger.m in Sources */ = {isa = PBXBuildFile; fileRef = 5D98E544EE0541C5A4A75781 /* CDVLogger.m */; };
		5B1594DD16A7569C00FEF299 /* AssetsLibrary.framework in Frameworks */ = {isa = PBXBuildFile; fileRef = 5B1594DC16A7569C00FEF299 /* AssetsLibrary.framework */; };
		6C08FE39C2014C5B9BE47C9C /* CDVSplashScreen.m in Sources */ = {isa = PBXBuildFile; fileRef = 8F924D8D15EB405FB879D2EC /* CDVSplashScreen.m */; };
		7E7966DE1810823500FA85AD /* icon-40.png in Resources */ = {isa = PBXBuildFile; fileRef = 7E7966D41810823500FA85AD /* icon-40.png */; };
		7E7966DF1810823500FA85AD /* icon-40@2x.png in Resources */ = {isa = PBXBuildFile; fileRef = 7E7966D51810823500FA85AD /* icon-40@2x.png */; };
		7E7966E01810823500FA85AD /* icon-50.png in Resources */ = {isa = PBXBuildFile; fileRef = 7E7966D61810823500FA85AD /* icon-50.png */; };
		7E7966E11810823500FA85AD /* icon-50@2x.png in Resources */ = {isa = PBXBuildFile; fileRef = 7E7966D71810823500FA85AD /* icon-50@2x.png */; };
		7E7966E21810823500FA85AD /* icon-60.png in Resources */ = {isa = PBXBuildFile; fileRef = 7E7966D81810823500FA85AD /* icon-60.png */; };
		7E7966E31810823500FA85AD /* icon-60@2x.png in Resources */ = {isa = PBXBuildFile; fileRef = 7E7966D91810823500FA85AD /* icon-60@2x.png */; };
		7E7966E41810823500FA85AD /* icon-76.png in Resources */ = {isa = PBXBuildFile; fileRef = 7E7966DA1810823500FA85AD /* icon-76.png */; };
		7E7966E51810823500FA85AD /* icon-76@2x.png in Resources */ = {isa = PBXBuildFile; fileRef = 7E7966DB1810823500FA85AD /* icon-76@2x.png */; };
		7E7966E61810823500FA85AD /* icon-small.png in Resources */ = {isa = PBXBuildFile; fileRef = 7E7966DC1810823500FA85AD /* icon-small.png */; };
		7E7966E71810823500FA85AD /* icon-small@2x.png in Resources */ = {isa = PBXBuildFile; fileRef = 7E7966DD1810823500FA85AD /* icon-small@2x.png */; };
		B6902EE1F68246C38E0D63D6 /* CDVViewController+SplashScreen.m in Sources */ = {isa = PBXBuildFile; fileRef = 95E0D5C33E564C9C887464AD /* CDVViewController+SplashScreen.m */; };
		D4A0D8761607E02300AEF8BB /* Default-568h@2x~iphone.png in Resources */ = {isa = PBXBuildFile; fileRef = D4A0D8751607E02300AEF8BB /* Default-568h@2x~iphone.png */; };
		D8DCBB7274DF4BBE802EC3CF /* AppVersion.m in Sources */ = {isa = PBXBuildFile; fileRef = 783CF0E07E794A6FA93C87E4 /* AppVersion.m */; };
		EF24C34ED44B4815810AD82E /* CDVDevice.m in Sources */ = {isa = PBXBuildFile; fileRef = 5164C9F23DA04BD1A520A76B /* CDVDevice.m */; };
		605B92A5987A49B5894E3EFB /* InAppPurchase.m in Sources */ = {isa = PBXBuildFile; fileRef = 9C7FFC1251D1406287EDFFFE /* InAppPurchase.m */; };
		C2A2537436104D7B9F0EF9CE /* SKProduct+LocalizedPrice.m in Sources */ = {isa = PBXBuildFile; fileRef = 02BB6AFFBC6B48AF89C6E8AD /* SKProduct+LocalizedPrice.m */; };
		AA5F215B2F2B408F9B5D3F8B /* FileUtility.m in Sources */ = {isa = PBXBuildFile; fileRef = 190BBCFE72BA433BBEC1285B /* FileUtility.m */; };
		622EEBBD9C4344898D5D558B /* ComScorePlugin.m in Sources */ = {isa = PBXBuildFile; fileRef = 732C94D60E71455883EA4485 /* ComScorePlugin.m */; };
		A74AD2823900400FB5FE1A28 /* libcomScore.a in Frameworks */ = {isa = PBXBuildFile; fileRef = EA314B59AD974B0784DCD5E3 /* libcomScore.a */; };
		95897DD316B041DD8A272042 /* SystemConfiguration.framework in Frameworks */ = {isa = PBXBuildFile; fileRef = F21B370C6F0E423B92E61198 /* SystemConfiguration.framework */; };
		5F87E8C98E574ABC990B29A5 /* Security.framework in Frameworks */ = {isa = PBXBuildFile; fileRef = A2A75DE174AD440DA9922CEA /* Security.framework */; };
		FBED73F44A0D438C91CF9ECE /* CULPlugin.m in Sources */ = {isa = PBXBuildFile; fileRef = B0112EB89D094AF2A616E272 /* CULPlugin.m */; };
		3BC873E920764218948ED2A8 /* AppDelegate+CULPlugin.m in Sources */ = {isa = PBXBuildFile; fileRef = 091F884CC2654D4FAE9FE564 /* AppDelegate+CULPlugin.m */; };
		B946DEE3B2FD4D9884C2A739 /* CDVPluginResult+CULPlugin.m in Sources */ = {isa = PBXBuildFile; fileRef = 8E949390D5904D40A9AFE07E /* CDVPluginResult+CULPlugin.m */; };
		984B18CE1113444281FEF345 /* CDVInvokedUrlCommand+CULPlugin.m in Sources */ = {isa = PBXBuildFile; fileRef = C091E96FC5024F8194CD3C80 /* CDVInvokedUrlCommand+CULPlugin.m */; };
		63F88B78C83242D1BDA3D26B /* CULHost.m in Sources */ = {isa = PBXBuildFile; fileRef = D401957793EE41CDAF6B34DD /* CULHost.m */; };
		63617158B0EF46A3AD0FE2F2 /* CULHost.h in Resources */ = {isa = PBXBuildFile; fileRef = 2A14E38C67DA41DDA3B7AFE7 /* CULHost.h */; };
		CF3BE03FC2534C348AD5A9FB /* CULPath.m in Sources */ = {isa = PBXBuildFile; fileRef = 38F5D23D12BB467AB2684A79 /* CULPath.m */; };
		50D976B9FDC2471F95B1CECD /* CULPath.h in Resources */ = {isa = PBXBuildFile; fileRef = C6CD7EDD128247BFB57DF17F /* CULPath.h */; };
		3154E3B86B7141068117F543 /* CULXmlTags.m in Sources */ = {isa = PBXBuildFile; fileRef = 41E82451234D44E5A377732F /* CULXmlTags.m */; };
		29A507B8D8A246CA8C9EFEEE /* CULXmlTags.h in Resources */ = {isa = PBXBuildFile; fileRef = 25A79FAE5CC44BCE949096E4 /* CULXmlTags.h */; };
		4489B66497B84B90A9B3AE46 /* CULConfigXmlParser.m in Sources */ = {isa = PBXBuildFile; fileRef = EF5DE74EF19D46DC84CA0F20 /* CULConfigXmlParser.m */; };
		4D8278FAB2DE4741AA405206 /* CULConfigXmlParser.h in Resources */ = {isa = PBXBuildFile; fileRef = 7C47220A85F8455EBBDF6A07 /* CULConfigXmlParser.h */; };
		6493D739132D4B2B85E03E6F /* NSBundle+CULPlugin.m in Sources */ = {isa = PBXBuildFile; fileRef = 4FC2CEC8EA0E48399ACF53F8 /* NSBundle+CULPlugin.m */; };
		1DB5E00F98B643CE9A5E2050 /* NSBundle+CULPlugin.h in Resources */ = {isa = PBXBuildFile; fileRef = BA0060F477A34A1A8ADA7003 /* NSBundle+CULPlugin.h */; };
		A375821E1BE34A3EBC8123D3 /* NSString+URLEncoding.m in Sources */ = {isa = PBXBuildFile; fileRef = DD28233DCA6E4CEAB8508DC0 /* NSString+URLEncoding.m */; };
		747BFE6101BB48A0B0894DD2 /* SocialSharing.m in Sources */ = {isa = PBXBuildFile; fileRef = C270F2EFBDC94EFF8C57CC13 /* SocialSharing.m */; };
		FBD35BBC6DB34F889FA8AA14 /* Social.framework in Frameworks */ = {isa = PBXBuildFile; fileRef = 4E6E7AD9429F412D882F2658 /* Social.framework */; settings = {ATTRIBUTES = (Weak, ); }; };
		282A880A63914378967ADCFE /* MessageUI.framework in Frameworks */ = {isa = PBXBuildFile; fileRef = C06797079D4546F49E8F8617 /* MessageUI.framework */; settings = {ATTRIBUTES = (Weak, ); }; };
		275DA1594006469699861F97 /* FutbolCuatro.entitlements in Resources */ = {isa = PBXBuildFile; fileRef = 4AA3C62FE5344E4B96BCC191 /* FutbolCuatro.entitlements */; };
/* End PBXBuildFile section */

/* Begin PBXContainerItemProxy section */
		301BF534109A57CC0062928A /* PBXContainerItemProxy */ = {
			isa = PBXContainerItemProxy;
			containerPortal = 301BF52D109A57CC0062928A /* CordovaLib.xcodeproj */;
			proxyType = 2;
			remoteGlobalIDString = D2AAC07E0554694100DB518D;
			remoteInfo = CordovaLib;
		};
		301BF550109A68C00062928A /* PBXContainerItemProxy */ = {
			isa = PBXContainerItemProxy;
			containerPortal = 301BF52D109A57CC0062928A /* CordovaLib.xcodeproj */;
			proxyType = 1;
			remoteGlobalIDString = D2AAC07D0554694100DB518D;
			remoteInfo = CordovaLib;
		};
/* End PBXContainerItemProxy section */

/* Begin PBXFileReference section */
		19ABA08FF2CE4FC9917503C4 /* CDVStatusBar.h */ = {isa = PBXFileReference; fileEncoding = 4; lastKnownFileType = sourcecode.c.h; name = CDVStatusBar.h; path = "cordova-plugin-statusbar/CDVStatusBar.h"; sourceTree = "<group>"; };
		1D3623240D0F684500981E51 /* AppDelegate.h */ = {isa = PBXFileReference; fileEncoding = 4; lastKnownFileType = sourcecode.c.h; path = AppDelegate.h; sourceTree = "<group>"; };
		1D3623250D0F684500981E51 /* AppDelegate.m */ = {isa = PBXFileReference; fileEncoding = 4; lastKnownFileType = sourcecode.c.objc; path = AppDelegate.m; sourceTree = "<group>"; };
		1D6058910D05DD3D006BFB54 /* FutbolCuatro.app */ = {isa = PBXFileReference; explicitFileType = wrapper.application; includeInIndex = 0; path = FutbolCuatro.app; sourceTree = BUILT_PRODUCTS_DIR; };
		23A3DD4AD7284CC99CEEC536 /* CDVLogger.h */ = {isa = PBXFileReference; fileEncoding = 4; lastKnownFileType = sourcecode.c.h; name = CDVLogger.h; path = "cordova-plugin-console/CDVLogger.h"; sourceTree = "<group>"; };
		288765FC0DF74451002DB57D /* CoreGraphics.framework */ = {isa = PBXFileReference; lastKnownFileType = wrapper.framework; name = CoreGraphics.framework; path = System/Library/Frameworks/CoreGraphics.framework; sourceTree = SDKROOT; };
		29B97316FDCFA39411CA2CEA /* main.m */ = {isa = PBXFileReference; fileEncoding = 4; lastKnownFileType = sourcecode.c.objc; path = main.m; sourceTree = "<group>"; };
		301BF52D109A57CC0062928A /* CordovaLib.xcodeproj */ = {isa = PBXFileReference; lastKnownFileType = "wrapper.pb-project"; name = CordovaLib.xcodeproj; path = CordovaLib/CordovaLib.xcodeproj; sourceTree = "<group>"; };
		301BF56E109A69640062928A /* www */ = {isa = PBXFileReference; lastKnownFileType = folder; path = www; sourceTree = SOURCE_ROOT; };
		302D95EE14D2391D003F00A1 /* MainViewController.h */ = {isa = PBXFileReference; fileEncoding = 4; lastKnownFileType = sourcecode.c.h; path = MainViewController.h; sourceTree = "<group>"; };
		302D95EF14D2391D003F00A1 /* MainViewController.m */ = {isa = PBXFileReference; fileEncoding = 4; lastKnownFileType = sourcecode.c.objc; path = MainViewController.m; sourceTree = "<group>"; };
		302D95F014D2391D003F00A1 /* MainViewController.xib */ = {isa = PBXFileReference; fileEncoding = 4; lastKnownFileType = file.xib; path = MainViewController.xib; sourceTree = "<group>"; };
		305D5FD0115AB8F900A74A75 /* MobileCoreServices.framework */ = {isa = PBXFileReference; lastKnownFileType = wrapper.framework; name = MobileCoreServices.framework; path = System/Library/Frameworks/MobileCoreServices.framework; sourceTree = SDKROOT; };
		3088BBB7154F3926009F9C59 /* Default-Landscape@2x~ipad.png */ = {isa = PBXFileReference; lastKnownFileType = image.png; path = "Default-Landscape@2x~ipad.png"; sourceTree = "<group>"; };
		3088BBB8154F3926009F9C59 /* Default-Landscape~ipad.png */ = {isa = PBXFileReference; lastKnownFileType = image.png; path = "Default-Landscape~ipad.png"; sourceTree = "<group>"; };
		3088BBB9154F3926009F9C59 /* Default-Portrait@2x~ipad.png */ = {isa = PBXFileReference; lastKnownFileType = image.png; path = "Default-Portrait@2x~ipad.png"; sourceTree = "<group>"; };
		3088BBBA154F3926009F9C59 /* Default-Portrait~ipad.png */ = {isa = PBXFileReference; lastKnownFileType = image.png; path = "Default-Portrait~ipad.png"; sourceTree = "<group>"; };
		3088BBBB154F3926009F9C59 /* Default@2x~iphone.png */ = {isa = PBXFileReference; lastKnownFileType = image.png; path = "Default@2x~iphone.png"; sourceTree = "<group>"; };
		3088BBBC154F3926009F9C59 /* Default~iphone.png */ = {isa = PBXFileReference; lastKnownFileType = image.png; path = "Default~iphone.png"; sourceTree = "<group>"; };
		308D052E1370CCF300D202BF /* icon-72.png */ = {isa = PBXFileReference; lastKnownFileType = image.png; path = "icon-72.png"; sourceTree = "<group>"; };
		308D052F1370CCF300D202BF /* icon.png */ = {isa = PBXFileReference; lastKnownFileType = image.png; path = icon.png; sourceTree = "<group>"; };
		308D05301370CCF300D202BF /* icon@2x.png */ = {isa = PBXFileReference; lastKnownFileType = image.png; path = "icon@2x.png"; sourceTree = "<group>"; };
		30B4F2FD19D5E07200D9F7D8 /* Default-667h.png */ = {isa = PBXFileReference; lastKnownFileType = image.png; path = "Default-667h.png"; sourceTree = "<group>"; };
		30B4F2FE19D5E07200D9F7D8 /* Default-736h.png */ = {isa = PBXFileReference; lastKnownFileType = image.png; path = "Default-736h.png"; sourceTree = "<group>"; };
		30B4F2FF19D5E07200D9F7D8 /* Default-Landscape-736h.png */ = {isa = PBXFileReference; lastKnownFileType = image.png; path = "Default-Landscape-736h.png"; sourceTree = "<group>"; };
		30C1856519D5FC0A00212699 /* icon-60@3x.png */ = {isa = PBXFileReference; lastKnownFileType = image.png; path = "icon-60@3x.png"; sourceTree = "<group>"; };
		30FC414816E50CA1004E6F35 /* icon-72@2x.png */ = {isa = PBXFileReference; lastKnownFileType = image.png; path = "icon-72@2x.png"; sourceTree = "<group>"; };
		32CA4F630368D1EE00C91783 /* FutbolCuatro-Prefix.pch */ = {isa = PBXFileReference; fileEncoding = 4; lastKnownFileType = sourcecode.c.h; path = "FutbolCuatro-Prefix.pch"; sourceTree = "<group>"; };
		387B15843A4D406696A66762 /* CDVSplashScreen.h */ = {isa = PBXFileReference; fileEncoding = 4; lastKnownFileType = sourcecode.c.h; name = CDVSplashScreen.h; path = "cordova-plugin-splashscreen/CDVSplashScreen.h"; sourceTree = "<group>"; };
		5164C9F23DA04BD1A520A76B /* CDVDevice.m */ = {isa = PBXFileReference; fileEncoding = 4; lastKnownFileType = sourcecode.c.objc; name = CDVDevice.m; path = "cordova-plugin-device/CDVDevice.m"; sourceTree = "<group>"; };
		595F767093B24606A649DB71 /* AppVersion.h */ = {isa = PBXFileReference; fileEncoding = 4; lastKnownFileType = sourcecode.c.h; name = AppVersion.h; path = "cordova-plugin-app-version/AppVersion.h"; sourceTree = "<group>"; };
		5B1594DC16A7569C00FEF299 /* AssetsLibrary.framework */ = {isa = PBXFileReference; lastKnownFileType = wrapper.framework; name = AssetsLibrary.framework; path = System/Library/Frameworks/AssetsLibrary.framework; sourceTree = SDKROOT; };
		5D98E544EE0541C5A4A75781 /* CDVLogger.m */ = {isa = PBXFileReference; fileEncoding = 4; lastKnownFileType = sourcecode.c.objc; name = CDVLogger.m; path = "cordova-plugin-console/CDVLogger.m"; sourceTree = "<group>"; };
		6310ECD94B0D4A43B1554539 /* StoreKit.framework */ = {isa = PBXFileReference; fileEncoding = 4; lastKnownFileType = wrapper.framework; name = StoreKit.framework; path = System/Library/Frameworks/StoreKit.framework; sourceTree = SDKROOT; };
		70450DB6B3A245258902E318 /* CDVInAppBrowser.h */ = {isa = PBXFileReference; fileEncoding = 4; lastKnownFileType = sourcecode.c.h; name = CDVInAppBrowser.h; path = "cordova-plugin-inappbrowser/CDVInAppBrowser.h"; sourceTree = "<group>"; };
		713EE76E5D054B3CB2EDBCBB /* CDVInAppBrowser.m */ = {isa = PBXFileReference; fileEncoding = 4; lastKnownFileType = sourcecode.c.objc; name = CDVInAppBrowser.m; path = "cordova-plugin-inappbrowser/CDVInAppBrowser.m"; sourceTree = "<group>"; };
		783CF0E07E794A6FA93C87E4 /* AppVersion.m */ = {isa = PBXFileReference; fileEncoding = 4; lastKnownFileType = sourcecode.c.objc; name = AppVersion.m; path = "cordova-plugin-app-version/AppVersion.m"; sourceTree = "<group>"; };
		7E7966D41810823500FA85AD /* icon-40.png */ = {isa = PBXFileReference; lastKnownFileType = image.png; path = "icon-40.png"; sourceTree = "<group>"; };
		7E7966D51810823500FA85AD /* icon-40@2x.png */ = {isa = PBXFileReference; lastKnownFileType = image.png; path = "icon-40@2x.png"; sourceTree = "<group>"; };
		7E7966D61810823500FA85AD /* icon-50.png */ = {isa = PBXFileReference; lastKnownFileType = image.png; path = "icon-50.png"; sourceTree = "<group>"; };
		7E7966D71810823500FA85AD /* icon-50@2x.png */ = {isa = PBXFileReference; lastKnownFileType = image.png; path = "icon-50@2x.png"; sourceTree = "<group>"; };
		7E7966D81810823500FA85AD /* icon-60.png */ = {isa = PBXFileReference; lastKnownFileType = image.png; path = "icon-60.png"; sourceTree = "<group>"; };
		7E7966D91810823500FA85AD /* icon-60@2x.png */ = {isa = PBXFileReference; lastKnownFileType = image.png; path = "icon-60@2x.png"; sourceTree = "<group>"; };
		7E7966DA1810823500FA85AD /* icon-76.png */ = {isa = PBXFileReference; lastKnownFileType = image.png; path = "icon-76.png"; sourceTree = "<group>"; };
		7E7966DB1810823500FA85AD /* icon-76@2x.png */ = {isa = PBXFileReference; lastKnownFileType = image.png; path = "icon-76@2x.png"; sourceTree = "<group>"; };
		7E7966DC1810823500FA85AD /* icon-small.png */ = {isa = PBXFileReference; lastKnownFileType = image.png; path = "icon-small.png"; sourceTree = "<group>"; };
		7E7966DD1810823500FA85AD /* icon-small@2x.png */ = {isa = PBXFileReference; lastKnownFileType = image.png; path = "icon-small@2x.png"; sourceTree = "<group>"; };
		8D1107310486CEB800E47090 /* FutbolCuatro-Info.plist */ = {isa = PBXFileReference; fileEncoding = 4; lastKnownFileType = text.plist.xml; name = "FutbolCuatro-Info.plist"; path = "../FutbolCuatro-Info.plist"; plistStructureDefinitionIdentifier = "com.apple.xcode.plist.structure-definition.iphone.info-plist"; sourceTree = "<group>"; };
		8F924D8D15EB405FB879D2EC /* CDVSplashScreen.m */ = {isa = PBXFileReference; fileEncoding = 4; lastKnownFileType = sourcecode.c.objc; name = CDVSplashScreen.m; path = "cordova-plugin-splashscreen/CDVSplashScreen.m"; sourceTree = "<group>"; };
		95E0D5C33E564C9C887464AD /* CDVViewController+SplashScreen.m */ = {isa = PBXFileReference; fileEncoding = 4; lastKnownFileType = sourcecode.c.objc; name = "CDVViewController+SplashScreen.m"; path = "cordova-plugin-splashscreen/CDVViewController+SplashScreen.m"; sourceTree = "<group>"; };
		986D2C176EFF4A79BEB3907B /* CDVStatusBar.m */ = {isa = PBXFileReference; fileEncoding = 4; lastKnownFileType = sourcecode.c.objc; name = CDVStatusBar.m; path = "cordova-plugin-statusbar/CDVStatusBar.m"; sourceTree = "<group>"; };
		D4A0D8751607E02300AEF8BB /* Default-568h@2x~iphone.png */ = {isa = PBXFileReference; lastKnownFileType = image.png; path = "Default-568h@2x~iphone.png"; sourceTree = "<group>"; };
		D59FD83C61464152A97BB1BC /* CDVDevice.h */ = {isa = PBXFileReference; fileEncoding = 4; lastKnownFileType = sourcecode.c.h; name = CDVDevice.h; path = "cordova-plugin-device/CDVDevice.h"; sourceTree = "<group>"; };
		DA16771066E549EBB2E2EC07 /* CDVViewController+SplashScreen.h */ = {isa = PBXFileReference; fileEncoding = 4; lastKnownFileType = sourcecode.c.h; name = "CDVViewController+SplashScreen.h"; path = "cordova-plugin-splashscreen/CDVViewController+SplashScreen.h"; sourceTree = "<group>"; };
		EB87FDF21871DA7A0020F90C /* merges */ = {isa = PBXFileReference; lastKnownFileType = folder; name = merges; path = ../../merges; sourceTree = "<group>"; };
		EB87FDF31871DA8E0020F90C /* www */ = {isa = PBXFileReference; lastKnownFileType = folder; name = www; path = ../../www; sourceTree = "<group>"; };
		EB87FDF41871DAF40020F90C /* config.xml */ = {isa = PBXFileReference; lastKnownFileType = text.xml; name = config.xml; path = ../../config.xml; sourceTree = "<group>"; };
		F840E1F0165FE0F500CFE078 /* config.xml */ = {isa = PBXFileReference; lastKnownFileType = text.xml; name = config.xml; path = FutbolCuatro/config.xml; sourceTree = "<group>"; };
		9C7FFC1251D1406287EDFFFE /* InAppPurchase.m */ = {isa = PBXFileReference; lastKnownFileType = sourcecode.c.objc; name = "InAppPurchase.m"; path = "cc.fovea.cordova.purchase/InAppPurchase.m"; sourceTree = "<group>"; fileEncoding = 4; };
		02BB6AFFBC6B48AF89C6E8AD /* SKProduct+LocalizedPrice.m */ = {isa = PBXFileReference; lastKnownFileType = sourcecode.c.objc; name = "SKProduct+LocalizedPrice.m"; path = "cc.fovea.cordova.purchase/SKProduct+LocalizedPrice.m"; sourceTree = "<group>"; fileEncoding = 4; };
		190BBCFE72BA433BBEC1285B /* FileUtility.m */ = {isa = PBXFileReference; lastKnownFileType = sourcecode.c.objc; name = "FileUtility.m"; path = "cc.fovea.cordova.purchase/FileUtility.m"; sourceTree = "<group>"; fileEncoding = 4; };
		6DED1E171FD249B483DB33B1 /* InAppPurchase.h */ = {isa = PBXFileReference; lastKnownFileType = sourcecode.c.h; name = "InAppPurchase.h"; path = "cc.fovea.cordova.purchase/InAppPurchase.h"; sourceTree = "<group>"; fileEncoding = 4; };
		72119B78336249D18FAC5952 /* SKProduct+LocalizedPrice.h */ = {isa = PBXFileReference; lastKnownFileType = sourcecode.c.h; name = "SKProduct+LocalizedPrice.h"; path = "cc.fovea.cordova.purchase/SKProduct+LocalizedPrice.h"; sourceTree = "<group>"; fileEncoding = 4; };
		4D14C9F212CB466BAF92E001 /* FileUtility.h */ = {isa = PBXFileReference; lastKnownFileType = sourcecode.c.h; name = "FileUtility.h"; path = "cc.fovea.cordova.purchase/FileUtility.h"; sourceTree = "<group>"; fileEncoding = 4; };
		732C94D60E71455883EA4485 /* ComScorePlugin.m */ = {isa = PBXFileReference; lastKnownFileType = sourcecode.c.objc; name = "ComScorePlugin.m"; path = "com.comscoreplugin/ComScorePlugin.m"; sourceTree = "<group>"; fileEncoding = 4; };
		EA314B59AD974B0784DCD5E3 /* libcomScore.a */ = {isa = PBXFileReference; lastKnownFileType = archive.ar; name = "libcomScore.a"; path = "FutbolCuatro/Plugins/com.comscoreplugin/libcomScore.a"; sourceTree = "<group>"; fileEncoding = 4; };
		0394D851455343A19386F51A /* ComScorePlugin.h */ = {isa = PBXFileReference; lastKnownFileType = sourcecode.c.h; name = "ComScorePlugin.h"; path = "com.comscoreplugin/ComScorePlugin.h"; sourceTree = "<group>"; fileEncoding = 4; };
		49FC2D437F8A4A11B93A039D /* CSApplicationState.h */ = {isa = PBXFileReference; lastKnownFileType = sourcecode.c.h; name = "CSApplicationState.h"; path = "com.comscoreplugin/CSApplicationState.h"; sourceTree = "<group>"; fileEncoding = 4; };
		71856A793EC846E2A3D258C5 /* CSCacheFlusher.h */ = {isa = PBXFileReference; lastKnownFileType = sourcecode.c.h; name = "CSCacheFlusher.h"; path = "com.comscoreplugin/CSCacheFlusher.h"; sourceTree = "<group>"; fileEncoding = 4; };
		7B70B650CE3D4EB786EF43FD /* CSCensus.h */ = {isa = PBXFileReference; lastKnownFileType = sourcecode.c.h; name = "CSCensus.h"; path = "com.comscoreplugin/CSCensus.h"; sourceTree = "<group>"; fileEncoding = 4; };
		E0DBA1CEA69E49C38B3C8572 /* CSComScore.h */ = {isa = PBXFileReference; lastKnownFileType = sourcecode.c.h; name = "CSComScore.h"; path = "com.comscoreplugin/CSComScore.h"; sourceTree = "<group>"; fileEncoding = 4; };
		BF6E999DD65D4FF38B8A22E3 /* CSCore.h */ = {isa = PBXFileReference; lastKnownFileType = sourcecode.c.h; name = "CSCore.h"; path = "com.comscoreplugin/CSCore.h"; sourceTree = "<group>"; fileEncoding = 4; };
		BD38683F9B4D45ECB2AC67D1 /* CSEventType.h */ = {isa = PBXFileReference; lastKnownFileType = sourcecode.c.h; name = "CSEventType.h"; path = "com.comscoreplugin/CSEventType.h"; sourceTree = "<group>"; fileEncoding = 4; };
		8DCFD271BEF5464492C11567 /* CSKeepAlive.h */ = {isa = PBXFileReference; lastKnownFileType = sourcecode.c.h; name = "CSKeepAlive.h"; path = "com.comscoreplugin/CSKeepAlive.h"; sourceTree = "<group>"; fileEncoding = 4; };
		350D50643EEA42E3A5B41CF0 /* CSMeasurementDispatcher.h */ = {isa = PBXFileReference; lastKnownFileType = sourcecode.c.h; name = "CSMeasurementDispatcher.h"; path = "com.comscoreplugin/CSMeasurementDispatcher.h"; sourceTree = "<group>"; fileEncoding = 4; };
		3B65595EDCF6401D8EB94601 /* CSNotificationsObserver.h */ = {isa = PBXFileReference; lastKnownFileType = sourcecode.c.h; name = "CSNotificationsObserver.h"; path = "com.comscoreplugin/CSNotificationsObserver.h"; sourceTree = "<group>"; fileEncoding = 4; };
		22A257A82FF74D2FB33876CD /* CSOfflineCache.h */ = {isa = PBXFileReference; lastKnownFileType = sourcecode.c.h; name = "CSOfflineCache.h"; path = "com.comscoreplugin/CSOfflineCache.h"; sourceTree = "<group>"; fileEncoding = 4; };
		F73FB1F6ADF04E2C8BD2A6B4 /* CSSessionState.h */ = {isa = PBXFileReference; lastKnownFileType = sourcecode.c.h; name = "CSSessionState.h"; path = "com.comscoreplugin/CSSessionState.h"; sourceTree = "<group>"; fileEncoding = 4; };
		1B34C613466A46E29FBEF2C1 /* CSStorage.h */ = {isa = PBXFileReference; lastKnownFileType = sourcecode.c.h; name = "CSStorage.h"; path = "com.comscoreplugin/CSStorage.h"; sourceTree = "<group>"; fileEncoding = 4; };
		4176C487496F4436836FC1FF /* CSTaskExecutor.h */ = {isa = PBXFileReference; lastKnownFileType = sourcecode.c.h; name = "CSTaskExecutor.h"; path = "com.comscoreplugin/CSTaskExecutor.h"; sourceTree = "<group>"; fileEncoding = 4; };
		D40B63688A6C4C99968C9F15 /* CSTransmissionMode.h */ = {isa = PBXFileReference; lastKnownFileType = sourcecode.c.h; name = "CSTransmissionMode.h"; path = "com.comscoreplugin/CSTransmissionMode.h"; sourceTree = "<group>"; fileEncoding = 4; };
		F21B370C6F0E423B92E61198 /* SystemConfiguration.framework */ = {isa = PBXFileReference; lastKnownFileType = wrapper.framework; name = "SystemConfiguration.framework"; path = "System/Library/Frameworks/SystemConfiguration.framework"; sourceTree = SDKROOT; fileEncoding = 4; };
		A2A75DE174AD440DA9922CEA /* Security.framework */ = {isa = PBXFileReference; lastKnownFileType = wrapper.framework; name = "Security.framework"; path = "System/Library/Frameworks/Security.framework"; sourceTree = SDKROOT; fileEncoding = 4; };
		B0112EB89D094AF2A616E272 /* CULPlugin.m */ = {isa = PBXFileReference; lastKnownFileType = sourcecode.c.objc; name = "CULPlugin.m"; path = "cordova-universal-links-plugin/CULPlugin.m"; sourceTree = "<group>"; fileEncoding = 4; };
		091F884CC2654D4FAE9FE564 /* AppDelegate+CULPlugin.m */ = {isa = PBXFileReference; lastKnownFileType = sourcecode.c.objc; name = "AppDelegate+CULPlugin.m"; path = "cordova-universal-links-plugin/AppDelegate+CULPlugin.m"; sourceTree = "<group>"; fileEncoding = 4; };
		8E949390D5904D40A9AFE07E /* CDVPluginResult+CULPlugin.m */ = {isa = PBXFileReference; lastKnownFileType = sourcecode.c.objc; name = "CDVPluginResult+CULPlugin.m"; path = "cordova-universal-links-plugin/JS/CDVPluginResult+CULPlugin.m"; sourceTree = "<group>"; fileEncoding = 4; };
		C091E96FC5024F8194CD3C80 /* CDVInvokedUrlCommand+CULPlugin.m */ = {isa = PBXFileReference; lastKnownFileType = sourcecode.c.objc; name = "CDVInvokedUrlCommand+CULPlugin.m"; path = "cordova-universal-links-plugin/JS/CDVInvokedUrlCommand+CULPlugin.m"; sourceTree = "<group>"; fileEncoding = 4; };
		D401957793EE41CDAF6B34DD /* CULHost.m */ = {isa = PBXFileReference; lastKnownFileType = sourcecode.c.objc; name = "CULHost.m"; path = "cordova-universal-links-plugin/Model/CULHost.m"; sourceTree = "<group>"; fileEncoding = 4; };
		2A14E38C67DA41DDA3B7AFE7 /* CULHost.h */ = {isa = PBXFileReference; lastKnownFileType = sourcecode.c.h; name = "CULHost.h"; path = "cordova-universal-links-plugin/Model/CULHost.h"; sourceTree = "<group>"; fileEncoding = 4; };
		38F5D23D12BB467AB2684A79 /* CULPath.m */ = {isa = PBXFileReference; lastKnownFileType = sourcecode.c.objc; name = "CULPath.m"; path = "cordova-universal-links-plugin/Model/CULPath.m"; sourceTree = "<group>"; fileEncoding = 4; };
		C6CD7EDD128247BFB57DF17F /* CULPath.h */ = {isa = PBXFileReference; lastKnownFileType = sourcecode.c.h; name = "CULPath.h"; path = "cordova-universal-links-plugin/Model/CULPath.h"; sourceTree = "<group>"; fileEncoding = 4; };
		41E82451234D44E5A377732F /* CULXmlTags.m */ = {isa = PBXFileReference; lastKnownFileType = sourcecode.c.objc; name = "CULXmlTags.m"; path = "cordova-universal-links-plugin/Parser/CULXmlTags.m"; sourceTree = "<group>"; fileEncoding = 4; };
		25A79FAE5CC44BCE949096E4 /* CULXmlTags.h */ = {isa = PBXFileReference; lastKnownFileType = sourcecode.c.h; name = "CULXmlTags.h"; path = "cordova-universal-links-plugin/Parser/CULXmlTags.h"; sourceTree = "<group>"; fileEncoding = 4; };
		EF5DE74EF19D46DC84CA0F20 /* CULConfigXmlParser.m */ = {isa = PBXFileReference; lastKnownFileType = sourcecode.c.objc; name = "CULConfigXmlParser.m"; path = "cordova-universal-links-plugin/Parser/CULConfigXmlParser.m"; sourceTree = "<group>"; fileEncoding = 4; };
		7C47220A85F8455EBBDF6A07 /* CULConfigXmlParser.h */ = {isa = PBXFileReference; lastKnownFileType = sourcecode.c.h; name = "CULConfigXmlParser.h"; path = "cordova-universal-links-plugin/Parser/CULConfigXmlParser.h"; sourceTree = "<group>"; fileEncoding = 4; };
		4FC2CEC8EA0E48399ACF53F8 /* NSBundle+CULPlugin.m */ = {isa = PBXFileReference; lastKnownFileType = sourcecode.c.objc; name = "NSBundle+CULPlugin.m"; path = "cordova-universal-links-plugin/Utils/NSBundle+CULPlugin.m"; sourceTree = "<group>"; fileEncoding = 4; };
		BA0060F477A34A1A8ADA7003 /* NSBundle+CULPlugin.h */ = {isa = PBXFileReference; lastKnownFileType = sourcecode.c.h; name = "NSBundle+CULPlugin.h"; path = "cordova-universal-links-plugin/Utils/NSBundle+CULPlugin.h"; sourceTree = "<group>"; fileEncoding = 4; };
		18E8BAEB1BFD492FBDDDF082 /* CULPlugin.h */ = {isa = PBXFileReference; lastKnownFileType = sourcecode.c.h; name = "CULPlugin.h"; path = "cordova-universal-links-plugin/CULPlugin.h"; sourceTree = "<group>"; fileEncoding = 4; };
		5C970179A961417A9E3D36A7 /* AppDelegate+CULPlugin.h */ = {isa = PBXFileReference; lastKnownFileType = sourcecode.c.h; name = "AppDelegate+CULPlugin.h"; path = "cordova-universal-links-plugin/AppDelegate+CULPlugin.h"; sourceTree = "<group>"; fileEncoding = 4; };
		B787CE9135084DE8975801B4 /* CDVPluginResult+CULPlugin.h */ = {isa = PBXFileReference; lastKnownFileType = sourcecode.c.h; name = "CDVPluginResult+CULPlugin.h"; path = "cordova-universal-links-plugin/JS/CDVPluginResult+CULPlugin.h"; sourceTree = "<group>"; fileEncoding = 4; };
		478BB08C512B441EA156EB79 /* CDVInvokedUrlCommand+CULPlugin.h */ = {isa = PBXFileReference; lastKnownFileType = sourcecode.c.h; name = "CDVInvokedUrlCommand+CULPlugin.h"; path = "cordova-universal-links-plugin/JS/CDVInvokedUrlCommand+CULPlugin.h"; sourceTree = "<group>"; fileEncoding = 4; };
		DD28233DCA6E4CEAB8508DC0 /* NSString+URLEncoding.m */ = {isa = PBXFileReference; lastKnownFileType = sourcecode.c.objc; name = "NSString+URLEncoding.m"; path = "cordova-plugin-x-socialsharing/NSString+URLEncoding.m"; sourceTree = "<group>"; fileEncoding = 4; };
		C270F2EFBDC94EFF8C57CC13 /* SocialSharing.m */ = {isa = PBXFileReference; lastKnownFileType = sourcecode.c.objc; name = "SocialSharing.m"; path = "cordova-plugin-x-socialsharing/SocialSharing.m"; sourceTree = "<group>"; fileEncoding = 4; };
		736F7C587C7547A9BFFE0759 /* NSString+URLEncoding.h */ = {isa = PBXFileReference; lastKnownFileType = sourcecode.c.h; name = "NSString+URLEncoding.h"; path = "cordova-plugin-x-socialsharing/NSString+URLEncoding.h"; sourceTree = "<group>"; fileEncoding = 4; };
		F4A56EF364814A4CBC9DBD07 /* SocialSharing.h */ = {isa = PBXFileReference; lastKnownFileType = sourcecode.c.h; name = "SocialSharing.h"; path = "cordova-plugin-x-socialsharing/SocialSharing.h"; sourceTree = "<group>"; fileEncoding = 4; };
		4E6E7AD9429F412D882F2658 /* Social.framework */ = {isa = PBXFileReference; lastKnownFileType = wrapper.framework; name = "Social.framework"; path = "System/Library/Frameworks/Social.framework"; sourceTree = SDKROOT; fileEncoding = 4; };
		C06797079D4546F49E8F8617 /* MessageUI.framework */ = {isa = PBXFileReference; lastKnownFileType = wrapper.framework; name = "MessageUI.framework"; path = "System/Library/Frameworks/MessageUI.framework"; sourceTree = SDKROOT; fileEncoding = 4; };
		4AA3C62FE5344E4B96BCC191 /* FutbolCuatro.entitlements */ = {isa = PBXFileReference; lastKnownFileType = unknown; name = "FutbolCuatro.entitlements"; path = "FutbolCuatro.entitlements"; sourceTree = "<group>"; fileEncoding = 4; };
/* End PBXFileReference section */

/* Begin PBXFrameworksBuildPhase section */
		1D60588F0D05DD3D006BFB54 /* Frameworks */ = {
			isa = PBXFrameworksBuildPhase;
			buildActionMask = 2147483647;
			files = (
				5B1594DD16A7569C00FEF299 /* AssetsLibrary.framework in Frameworks */,
				301BF552109A68D80062928A /* libCordova.a in Frameworks */,
				288765FD0DF74451002DB57D /* CoreGraphics.framework in Frameworks */,
				305D5FD1115AB8F900A74A75 /* MobileCoreServices.framework in Frameworks */,
				2339590A094B433AAA83C602 /* StoreKit.framework in Frameworks */,
				A74AD2823900400FB5FE1A28 /* libcomScore.a in Frameworks */,
				95897DD316B041DD8A272042 /* SystemConfiguration.framework in Frameworks */,
				5F87E8C98E574ABC990B29A5 /* Security.framework in Frameworks */,
				FBD35BBC6DB34F889FA8AA14 /* Social.framework in Frameworks */,
				282A880A63914378967ADCFE /* MessageUI.framework in Frameworks */,
			);
			runOnlyForDeploymentPostprocessing = 0;
		};
/* End PBXFrameworksBuildPhase section */

/* Begin PBXGroup section */
		080E96DDFE201D6D7F000001 /* Classes */ = {
			isa = PBXGroup;
			children = (
				302D95EE14D2391D003F00A1 /* MainViewController.h */,
				302D95EF14D2391D003F00A1 /* MainViewController.m */,
				302D95F014D2391D003F00A1 /* MainViewController.xib */,
				1D3623240D0F684500981E51 /* AppDelegate.h */,
				1D3623250D0F684500981E51 /* AppDelegate.m */,
			);
			name = Classes;
			path = FutbolCuatro/Classes;
			sourceTree = SOURCE_ROOT;
		};
		19C28FACFE9D520D11CA2CBB /* Products */ = {
			isa = PBXGroup;
			children = (
				1D6058910D05DD3D006BFB54 /* FutbolCuatro.app */,
			);
			name = Products;
			sourceTree = "<group>";
		};
		29B97314FDCFA39411CA2CEA /* CustomTemplate */ = {
			isa = PBXGroup;
			children = (
				EB87FDF41871DAF40020F90C /* config.xml */,
				EB87FDF31871DA8E0020F90C /* www */,
				EB87FDF21871DA7A0020F90C /* merges */,
				EB87FDF11871DA420020F90C /* Staging */,
				301BF52D109A57CC0062928A /* CordovaLib.xcodeproj */,
				080E96DDFE201D6D7F000001 /* Classes */,
				307C750510C5A3420062BCA9 /* Plugins */,
				29B97315FDCFA39411CA2CEA /* Other Sources */,
				29B97317FDCFA39411CA2CEA /* Resources */,
				29B97323FDCFA39411CA2CEA /* Frameworks */,
				19C28FACFE9D520D11CA2CBB /* Products */,
			);
			name = CustomTemplate;
			sourceTree = "<group>";
		};
		29B97315FDCFA39411CA2CEA /* Other Sources */ = {
			isa = PBXGroup;
			children = (
				32CA4F630368D1EE00C91783 /* FutbolCuatro-Prefix.pch */,
				29B97316FDCFA39411CA2CEA /* main.m */,
			);
			name = "Other Sources";
			path = FutbolCuatro;
			sourceTree = "<group>";
		};
		29B97317FDCFA39411CA2CEA /* Resources */ = {
			isa = PBXGroup;
			children = (
				308D052D1370CCF300D202BF /* icons */,
				308D05311370CCF300D202BF /* splash */,
				8D1107310486CEB800E47090 /* FutbolCuatro-Info.plist */,
				4AA3C62FE5344E4B96BCC191 /* FutbolCuatro.entitlements */,
			);
			name = Resources;
			path = FutbolCuatro/Resources;
			sourceTree = "<group>";
		};
		29B97323FDCFA39411CA2CEA /* Frameworks */ = {
			isa = PBXGroup;
			children = (
				5B1594DC16A7569C00FEF299 /* AssetsLibrary.framework */,
				288765FC0DF74451002DB57D /* CoreGraphics.framework */,
				305D5FD0115AB8F900A74A75 /* MobileCoreServices.framework */,
				6310ECD94B0D4A43B1554539 /* StoreKit.framework */,
				EA314B59AD974B0784DCD5E3 /* libcomScore.a */,
				F21B370C6F0E423B92E61198 /* SystemConfiguration.framework */,
				A2A75DE174AD440DA9922CEA /* Security.framework */,
				4E6E7AD9429F412D882F2658 /* Social.framework */,
				C06797079D4546F49E8F8617 /* MessageUI.framework */,
			);
			name = Frameworks;
			sourceTree = "<group>";
		};
		301BF52E109A57CC0062928A /* Products */ = {
			isa = PBXGroup;
			children = (
				301BF535109A57CC0062928A /* libCordova.a */,
			);
			name = Products;
			sourceTree = "<group>";
		};
		307C750510C5A3420062BCA9 /* Plugins */ = {
			isa = PBXGroup;
			children = (
				5D98E544EE0541C5A4A75781 /* CDVLogger.m */,
				23A3DD4AD7284CC99CEEC536 /* CDVLogger.h */,
				713EE76E5D054B3CB2EDBCBB /* CDVInAppBrowser.m */,
				70450DB6B3A245258902E318 /* CDVInAppBrowser.h */,
				8F924D8D15EB405FB879D2EC /* CDVSplashScreen.m */,
				95E0D5C33E564C9C887464AD /* CDVViewController+SplashScreen.m */,
				387B15843A4D406696A66762 /* CDVSplashScreen.h */,
				DA16771066E549EBB2E2EC07 /* CDVViewController+SplashScreen.h */,
				986D2C176EFF4A79BEB3907B /* CDVStatusBar.m */,
				19ABA08FF2CE4FC9917503C4 /* CDVStatusBar.h */,
				783CF0E07E794A6FA93C87E4 /* AppVersion.m */,
				595F767093B24606A649DB71 /* AppVersion.h */,
				5164C9F23DA04BD1A520A76B /* CDVDevice.m */,
				D59FD83C61464152A97BB1BC /* CDVDevice.h */,
				9C7FFC1251D1406287EDFFFE /* InAppPurchase.m */,
				02BB6AFFBC6B48AF89C6E8AD /* SKProduct+LocalizedPrice.m */,
				190BBCFE72BA433BBEC1285B /* FileUtility.m */,
				6DED1E171FD249B483DB33B1 /* InAppPurchase.h */,
				72119B78336249D18FAC5952 /* SKProduct+LocalizedPrice.h */,
				4D14C9F212CB466BAF92E001 /* FileUtility.h */,
				732C94D60E71455883EA4485 /* ComScorePlugin.m */,
				0394D851455343A19386F51A /* ComScorePlugin.h */,
				49FC2D437F8A4A11B93A039D /* CSApplicationState.h */,
				71856A793EC846E2A3D258C5 /* CSCacheFlusher.h */,
				7B70B650CE3D4EB786EF43FD /* CSCensus.h */,
				E0DBA1CEA69E49C38B3C8572 /* CSComScore.h */,
				BF6E999DD65D4FF38B8A22E3 /* CSCore.h */,
				BD38683F9B4D45ECB2AC67D1 /* CSEventType.h */,
				8DCFD271BEF5464492C11567 /* CSKeepAlive.h */,
				350D50643EEA42E3A5B41CF0 /* CSMeasurementDispatcher.h */,
				3B65595EDCF6401D8EB94601 /* CSNotificationsObserver.h */,
				22A257A82FF74D2FB33876CD /* CSOfflineCache.h */,
				F73FB1F6ADF04E2C8BD2A6B4 /* CSSessionState.h */,
				1B34C613466A46E29FBEF2C1 /* CSStorage.h */,
				4176C487496F4436836FC1FF /* CSTaskExecutor.h */,
				D40B63688A6C4C99968C9F15 /* CSTransmissionMode.h */,
				B0112EB89D094AF2A616E272 /* CULPlugin.m */,
				091F884CC2654D4FAE9FE564 /* AppDelegate+CULPlugin.m */,
				8E949390D5904D40A9AFE07E /* CDVPluginResult+CULPlugin.m */,
				C091E96FC5024F8194CD3C80 /* CDVInvokedUrlCommand+CULPlugin.m */,
				D401957793EE41CDAF6B34DD /* CULHost.m */,
				2A14E38C67DA41DDA3B7AFE7 /* CULHost.h */,
				38F5D23D12BB467AB2684A79 /* CULPath.m */,
				C6CD7EDD128247BFB57DF17F /* CULPath.h */,
				41E82451234D44E5A377732F /* CULXmlTags.m */,
				25A79FAE5CC44BCE949096E4 /* CULXmlTags.h */,
				EF5DE74EF19D46DC84CA0F20 /* CULConfigXmlParser.m */,
				7C47220A85F8455EBBDF6A07 /* CULConfigXmlParser.h */,
				4FC2CEC8EA0E48399ACF53F8 /* NSBundle+CULPlugin.m */,
				BA0060F477A34A1A8ADA7003 /* NSBundle+CULPlugin.h */,
				18E8BAEB1BFD492FBDDDF082 /* CULPlugin.h */,
				5C970179A961417A9E3D36A7 /* AppDelegate+CULPlugin.h */,
				B787CE9135084DE8975801B4 /* CDVPluginResult+CULPlugin.h */,
				478BB08C512B441EA156EB79 /* CDVInvokedUrlCommand+CULPlugin.h */,
				DD28233DCA6E4CEAB8508DC0 /* NSString+URLEncoding.m */,
				C270F2EFBDC94EFF8C57CC13 /* SocialSharing.m */,
				736F7C587C7547A9BFFE0759 /* NSString+URLEncoding.h */,
				F4A56EF364814A4CBC9DBD07 /* SocialSharing.h */,
			);
			name = Plugins;
			path = FutbolCuatro/Plugins;
			sourceTree = SOURCE_ROOT;
		};
		308D052D1370CCF300D202BF /* icons */ = {
			isa = PBXGroup;
			children = (
				30C1856519D5FC0A00212699 /* icon-60@3x.png */,
				7E7966D41810823500FA85AD /* icon-40.png */,
				7E7966D51810823500FA85AD /* icon-40@2x.png */,
				7E7966D61810823500FA85AD /* icon-50.png */,
				7E7966D71810823500FA85AD /* icon-50@2x.png */,
				7E7966D81810823500FA85AD /* icon-60.png */,
				7E7966D91810823500FA85AD /* icon-60@2x.png */,
				7E7966DA1810823500FA85AD /* icon-76.png */,
				7E7966DB1810823500FA85AD /* icon-76@2x.png */,
				7E7966DC1810823500FA85AD /* icon-small.png */,
				7E7966DD1810823500FA85AD /* icon-small@2x.png */,
				30FC414816E50CA1004E6F35 /* icon-72@2x.png */,
				308D052E1370CCF300D202BF /* icon-72.png */,
				308D052F1370CCF300D202BF /* icon.png */,
				308D05301370CCF300D202BF /* icon@2x.png */,
			);
			path = icons;
			sourceTree = "<group>";
		};
		308D05311370CCF300D202BF /* splash */ = {
			isa = PBXGroup;
			children = (
				30B4F2FD19D5E07200D9F7D8 /* Default-667h.png */,
				30B4F2FE19D5E07200D9F7D8 /* Default-736h.png */,
				30B4F2FF19D5E07200D9F7D8 /* Default-Landscape-736h.png */,
				D4A0D8751607E02300AEF8BB /* Default-568h@2x~iphone.png */,
				3088BBB7154F3926009F9C59 /* Default-Landscape@2x~ipad.png */,
				3088BBB8154F3926009F9C59 /* Default-Landscape~ipad.png */,
				3088BBB9154F3926009F9C59 /* Default-Portrait@2x~ipad.png */,
				3088BBBA154F3926009F9C59 /* Default-Portrait~ipad.png */,
				3088BBBB154F3926009F9C59 /* Default@2x~iphone.png */,
				3088BBBC154F3926009F9C59 /* Default~iphone.png */,
			);
			path = splash;
			sourceTree = "<group>";
		};
		EB87FDF11871DA420020F90C /* Staging */ = {
			isa = PBXGroup;
			children = (
				F840E1F0165FE0F500CFE078 /* config.xml */,
				301BF56E109A69640062928A /* www */,
			);
			name = Staging;
			sourceTree = "<group>";
		};
/* End PBXGroup section */

/* Begin PBXNativeTarget section */
		1D6058900D05DD3D006BFB54 /* FutbolCuatro */ = {
			isa = PBXNativeTarget;
			buildConfigurationList = 1D6058960D05DD3E006BFB54 /* Build configuration list for PBXNativeTarget "FutbolCuatro" */;
			buildPhases = (
				304B58A110DAC018002A0835 /* Copy www directory */,
				1D60588D0D05DD3D006BFB54 /* Resources */,
				1D60588E0D05DD3D006BFB54 /* Sources */,
				1D60588F0D05DD3D006BFB54 /* Frameworks */,
			);
			buildRules = (
			);
			dependencies = (
				301BF551109A68C00062928A /* PBXTargetDependency */,
			);
			name = FutbolCuatro;
			productName = FutbolCuatro;
			productReference = 1D6058910D05DD3D006BFB54 /* FutbolCuatro.app */;
			productType = "com.apple.product-type.application";
		};
/* End PBXNativeTarget section */

/* Begin PBXProject section */
		29B97313FDCFA39411CA2CEA /* Project object */ = {
			isa = PBXProject;
			attributes = {
				LastUpgradeCheck = 720;
				TargetAttributes = {
					1D6058900D05DD3D006BFB54 = {
						DevelopmentTeam = 4KECKSMGX8;
					};
				};
			};
			buildConfigurationList = C01FCF4E08A954540054247B /* Build configuration list for PBXProject "FutbolCuatro" */;
			compatibilityVersion = "Xcode 3.2";
			developmentRegion = English;
			hasScannedForEncodings = 1;
			knownRegions = (
				English,
				Japanese,
				French,
				German,
				en,
				es,
				de,
				se,
			);
			mainGroup = 29B97314FDCFA39411CA2CEA /* CustomTemplate */;
			projectDirPath = "";
			projectReferences = (
				{
					ProductGroup = 301BF52E109A57CC0062928A /* Products */;
					ProjectRef = 301BF52D109A57CC0062928A /* CordovaLib.xcodeproj */;
				},
			);
			projectRoot = "";
			targets = (
				1D6058900D05DD3D006BFB54 /* FutbolCuatro */,
			);
		};
/* End PBXProject section */

/* Begin PBXReferenceProxy section */
		301BF535109A57CC0062928A /* libCordova.a */ = {
			isa = PBXReferenceProxy;
			fileType = archive.ar;
			path = libCordova.a;
			remoteRef = 301BF534109A57CC0062928A /* PBXContainerItemProxy */;
			sourceTree = BUILT_PRODUCTS_DIR;
		};
/* End PBXReferenceProxy section */

/* Begin PBXResourcesBuildPhase section */
		1D60588D0D05DD3D006BFB54 /* Resources */ = {
			isa = PBXResourcesBuildPhase;
			buildActionMask = 2147483647;
			files = (
				7E7966E41810823500FA85AD /* icon-76.png in Resources */,
				7E7966DF1810823500FA85AD /* icon-40@2x.png in Resources */,
				308D05371370CCF300D202BF /* icon-72.png in Resources */,
				30B4F30119D5E07200D9F7D8 /* Default-736h.png in Resources */,
				308D05381370CCF300D202BF /* icon.png in Resources */,
				308D05391370CCF300D202BF /* icon@2x.png in Resources */,
				302D95F214D2391D003F00A1 /* MainViewController.xib in Resources */,
				7E7966E01810823500FA85AD /* icon-50.png in Resources */,
				7E7966E31810823500FA85AD /* icon-60@2x.png in Resources */,
				7E7966E61810823500FA85AD /* icon-small.png in Resources */,
				3088BBBD154F3926009F9C59 /* Default-Landscape@2x~ipad.png in Resources */,
				3088BBBE154F3926009F9C59 /* Default-Landscape~ipad.png in Resources */,
				3088BBBF154F3926009F9C59 /* Default-Portrait@2x~ipad.png in Resources */,
				7E7966E71810823500FA85AD /* icon-small@2x.png in Resources */,
				3088BBC0154F3926009F9C59 /* Default-Portrait~ipad.png in Resources */,
				30B4F30019D5E07200D9F7D8 /* Default-667h.png in Resources */,
				7E7966DE1810823500FA85AD /* icon-40.png in Resources */,
				3088BBC1154F3926009F9C59 /* Default@2x~iphone.png in Resources */,
				7E7966E21810823500FA85AD /* icon-60.png in Resources */,
				3088BBC2154F3926009F9C59 /* Default~iphone.png in Resources */,
				D4A0D8761607E02300AEF8BB /* Default-568h@2x~iphone.png in Resources */,
				30B4F30219D5E07200D9F7D8 /* Default-Landscape-736h.png in Resources */,
				30C1856619D5FC0A00212699 /* icon-60@3x.png in Resources */,
				7E7966E11810823500FA85AD /* icon-50@2x.png in Resources */,
				7E7966E51810823500FA85AD /* icon-76@2x.png in Resources */,
				30FC414916E50CA1004E6F35 /* icon-72@2x.png in Resources */,
				275DA1594006469699861F97 /* FutbolCuatro.entitlements in Resources */,
			);
			runOnlyForDeploymentPostprocessing = 0;
		};
/* End PBXResourcesBuildPhase section */

/* Begin PBXShellScriptBuildPhase section */
		304B58A110DAC018002A0835 /* Copy www directory */ = {
			isa = PBXShellScriptBuildPhase;
			buildActionMask = 2147483647;
			files = (
			);
			inputPaths = (
			);
			name = "Copy www directory";
			outputPaths = (
			);
			runOnlyForDeploymentPostprocessing = 0;
			shellPath = /bin/sh;
			shellScript = "NODEJS_PATH=/usr/local/bin; NVM_NODE_PATH=~/.nvm/versions/node/`nvm version 2>/dev/null`/bin; N_NODE_PATH=`find /usr/local/n/versions/node/* -maxdepth 0 -type d 2>/dev/null | tail -1`/bin; XCODE_NODE_PATH=`xcode-select --print-path`/usr/share/xcs/Node/bin; PATH=$NODEJS_PATH:$NVM_NODE_PATH:$N_NODE_PATH:$XCODE_NODE_PATH:$PATH && node cordova/lib/copy-www-build-step.js";
			showEnvVarsInLog = 0;
		};
/* End PBXShellScriptBuildPhase section */

/* Begin PBXSourcesBuildPhase section */
		1D60588E0D05DD3D006BFB54 /* Sources */ = {
			isa = PBXSourcesBuildPhase;
			buildActionMask = 2147483647;
			files = (
				1D60589B0D05DD56006BFB54 /* main.m in Sources */,
				1D3623260D0F684500981E51 /* AppDelegate.m in Sources */,
				302D95F114D2391D003F00A1 /* MainViewController.m in Sources */,
				50CB70DB8B7F4E9297EC97B6 /* CDVLogger.m in Sources */,
				0306C076BA7A4C398496080B /* CDVInAppBrowser.m in Sources */,
				6C08FE39C2014C5B9BE47C9C /* CDVSplashScreen.m in Sources */,
				B6902EE1F68246C38E0D63D6 /* CDVViewController+SplashScreen.m in Sources */,
				3F2A443427DA46AAB12E9C3E /* CDVStatusBar.m in Sources */,
				D8DCBB7274DF4BBE802EC3CF /* AppVersion.m in Sources */,
				EF24C34ED44B4815810AD82E /* CDVDevice.m in Sources */,
				605B92A5987A49B5894E3EFB /* InAppPurchase.m in Sources */,
				C2A2537436104D7B9F0EF9CE /* SKProduct+LocalizedPrice.m in Sources */,
				AA5F215B2F2B408F9B5D3F8B /* FileUtility.m in Sources */,
				622EEBBD9C4344898D5D558B /* ComScorePlugin.m in Sources */,
				FBED73F44A0D438C91CF9ECE /* CULPlugin.m in Sources */,
				3BC873E920764218948ED2A8 /* AppDelegate+CULPlugin.m in Sources */,
				B946DEE3B2FD4D9884C2A739 /* CDVPluginResult+CULPlugin.m in Sources */,
				984B18CE1113444281FEF345 /* CDVInvokedUrlCommand+CULPlugin.m in Sources */,
				63F88B78C83242D1BDA3D26B /* CULHost.m in Sources */,
				63617158B0EF46A3AD0FE2F2 /* CULHost.h in Resources */,
				CF3BE03FC2534C348AD5A9FB /* CULPath.m in Sources */,
				50D976B9FDC2471F95B1CECD /* CULPath.h in Resources */,
				3154E3B86B7141068117F543 /* CULXmlTags.m in Sources */,
				29A507B8D8A246CA8C9EFEEE /* CULXmlTags.h in Resources */,
				4489B66497B84B90A9B3AE46 /* CULConfigXmlParser.m in Sources */,
				4D8278FAB2DE4741AA405206 /* CULConfigXmlParser.h in Resources */,
				6493D739132D4B2B85E03E6F /* NSBundle+CULPlugin.m in Sources */,
				1DB5E00F98B643CE9A5E2050 /* NSBundle+CULPlugin.h in Resources */,
				A375821E1BE34A3EBC8123D3 /* NSString+URLEncoding.m in Sources */,
				747BFE6101BB48A0B0894DD2 /* SocialSharing.m in Sources */,
			);
			runOnlyForDeploymentPostprocessing = 0;
		};
/* End PBXSourcesBuildPhase section */

/* Begin PBXTargetDependency section */
		301BF551109A68C00062928A /* PBXTargetDependency */ = {
			isa = PBXTargetDependency;
			name = CordovaLib;
			targetProxy = 301BF550109A68C00062928A /* PBXContainerItemProxy */;
		};
/* End PBXTargetDependency section */

/* Begin XCBuildConfiguration section */
		1D6058940D05DD3E006BFB54 /* Debug */ = {
			isa = XCBuildConfiguration;
			buildSettings = {
				ALWAYS_SEARCH_USER_PATHS = NO;
				CLANG_ENABLE_OBJC_ARC = YES;
				CODE_SIGN_IDENTITY = "iPhone Developer";
				COPY_PHASE_STRIP = NO;
				FRAMEWORK_SEARCH_PATHS = (
					"$(inherited)",
					"\"FutbolCuatro/Plugins/cordova-plugin-facebook4\"",
					"\"FutbolCuatro/Plugins/cordova-plugin-facebook4\"",
					"\"FutbolCuatro/Plugins/cordova-plugin-facebook4\"",
					"\"FutbolCuatro/Plugins/cordova-plugin-facebook4\"",
					"\"FutbolCuatro/Plugins/cordova-plugin-facebook4\"",
					"\"FutbolCuatro/Plugins/cordova-plugin-facebook4\"",
					"\"FutbolCuatro/Plugins/cordova-plugin-facebook4\"",
					"\"FutbolCuatro/Plugins/cordova-plugin-facebook4\"",
				);
				GCC_DYNAMIC_NO_PIC = NO;
				GCC_OPTIMIZATION_LEVEL = 0;
				GCC_PRECOMPILE_PREFIX_HEADER = YES;
				GCC_PREFIX_HEADER = "FutbolCuatro/FutbolCuatro-Prefix.pch";
				GCC_PREPROCESSOR_DEFINITIONS = "DISABLE_PUSH_NOTIFICATIONS=1";
				GCC_THUMB_SUPPORT = NO;
				GCC_VERSION = "";
				INFOPLIST_FILE = "FutbolCuatro/FutbolCuatro-Info.plist";
				IPHONEOS_DEPLOYMENT_TARGET = 8.0;
				OTHER_LDFLAGS = (
					"-weak_framework",
					CoreFoundation,
					"-weak_framework",
					UIKit,
					"-weak_framework",
					AVFoundation,
					"-weak_framework",
					CoreMedia,
					"-weak-lSystem",
					"-ObjC",
				);
				PRODUCT_BUNDLE_IDENTIFIER = com.epiceleven.futbolcuatro;
				PRODUCT_NAME = FutbolCuatro;
				TARGETED_DEVICE_FAMILY = "1,2";
				LIBRARY_SEARCH_PATHS = (
					"$(inherited)",
					"\"$(SRCROOT)/FutbolCuatro/Plugins/com.comscoreplugin\"",
				);
				CODE_SIGN_ENTITLEMENTS = "FutbolCuatro/Resources/FutbolCuatro.entitlements";
			};
			name = Debug;
		};
		1D6058950D05DD3E006BFB54 /* Release */ = {
			isa = XCBuildConfiguration;
			buildSettings = {
				ALWAYS_SEARCH_USER_PATHS = NO;
				CLANG_ENABLE_OBJC_ARC = YES;
				CODE_SIGN_IDENTITY = "iPhone Developer";
				COPY_PHASE_STRIP = YES;
				FRAMEWORK_SEARCH_PATHS = (
					"$(inherited)",
					"\"FutbolCuatro/Plugins/cordova-plugin-facebook4\"",
					"\"FutbolCuatro/Plugins/cordova-plugin-facebook4\"",
					"\"FutbolCuatro/Plugins/cordova-plugin-facebook4\"",
					"\"FutbolCuatro/Plugins/cordova-plugin-facebook4\"",
					"\"FutbolCuatro/Plugins/cordova-plugin-facebook4\"",
					"\"FutbolCuatro/Plugins/cordova-plugin-facebook4\"",
					"\"FutbolCuatro/Plugins/cordova-plugin-facebook4\"",
					"\"FutbolCuatro/Plugins/cordova-plugin-facebook4\"",
				);
				GCC_PRECOMPILE_PREFIX_HEADER = YES;
				GCC_PREFIX_HEADER = "FutbolCuatro/FutbolCuatro-Prefix.pch";
				GCC_PREPROCESSOR_DEFINITIONS = "DISABLE_PUSH_NOTIFICATIONS=1";
				GCC_THUMB_SUPPORT = NO;
				GCC_VERSION = "";
				INFOPLIST_FILE = "FutbolCuatro/FutbolCuatro-Info.plist";
				IPHONEOS_DEPLOYMENT_TARGET = 8.0;
				OTHER_LDFLAGS = (
					"-weak_framework",
					CoreFoundation,
					"-weak_framework",
					UIKit,
					"-weak_framework",
					AVFoundation,
					"-weak_framework",
					CoreMedia,
					"-weak-lSystem",
					"-ObjC",
				);
				PRODUCT_BUNDLE_IDENTIFIER = com.epiceleven.futbolcuatro;
				PRODUCT_NAME = FutbolCuatro;
				TARGETED_DEVICE_FAMILY = "1,2";
				LIBRARY_SEARCH_PATHS = (
					"$(inherited)",
					"\"$(SRCROOT)/FutbolCuatro/Plugins/com.comscoreplugin\"",
				);
				CODE_SIGN_ENTITLEMENTS = "FutbolCuatro/Resources/FutbolCuatro.entitlements";
			};
			name = Release;
		};
		C01FCF4F08A954540054247B /* Debug */ = {
			isa = XCBuildConfiguration;
			buildSettings = {
				CLANG_ENABLE_OBJC_ARC = YES;
				CLANG_WARN_BOOL_CONVERSION = YES;
				CLANG_WARN_CONSTANT_CONVERSION = YES;
				CLANG_WARN_EMPTY_BODY = YES;
				CLANG_WARN_ENUM_CONVERSION = YES;
				CLANG_WARN_INT_CONVERSION = YES;
				CLANG_WARN__DUPLICATE_METHOD_MATCH = YES;
				"CODE_SIGN_IDENTITY[sdk=iphoneos*]" = "iPhone Developer";
				ENABLE_TESTABILITY = YES;
				GCC_C_LANGUAGE_STANDARD = c99;
				GCC_THUMB_SUPPORT = NO;
				GCC_VERSION = "";
				GCC_WARN_ABOUT_RETURN_TYPE = YES;
				GCC_WARN_UNDECLARED_SELECTOR = YES;
				GCC_WARN_UNINITIALIZED_AUTOS = YES;
				GCC_WARN_UNUSED_FUNCTION = YES;
				GCC_WARN_UNUSED_VARIABLE = YES;
				HEADER_SEARCH_PATHS = (
					"\"$(TARGET_BUILD_DIR)/usr/local/lib/include\"",
					"\"$(OBJROOT)/UninstalledProducts/include\"",
					"\"$(BUILT_PRODUCTS_DIR)\"",
				);
				IPHONEOS_DEPLOYMENT_TARGET = 8.0;
				ONLY_ACTIVE_ARCH = YES;
				OTHER_LDFLAGS = (
					"-weak_framework",
					CoreFoundation,
					"-weak_framework",
					UIKit,
					"-weak_framework",
					AVFoundation,
					"-weak_framework",
					CoreMedia,
					"-weak-lSystem",
					"-ObjC",
				);
				SDKROOT = iphoneos;
				SKIP_INSTALL = NO;
				USER_HEADER_SEARCH_PATHS = "";
				CODE_SIGN_ENTITLEMENTS = "FutbolCuatro/Resources/FutbolCuatro.entitlements";
			};
			name = Debug;
		};
		C01FCF5008A954540054247B /* Release */ = {
			isa = XCBuildConfiguration;
			buildSettings = {
				CLANG_ENABLE_OBJC_ARC = YES;
				CLANG_WARN_BOOL_CONVERSION = YES;
				CLANG_WARN_CONSTANT_CONVERSION = YES;
				CLANG_WARN_EMPTY_BODY = YES;
				CLANG_WARN_ENUM_CONVERSION = YES;
				CLANG_WARN_INT_CONVERSION = YES;
				CLANG_WARN__DUPLICATE_METHOD_MATCH = YES;
				"CODE_SIGN_IDENTITY[sdk=iphoneos*]" = "iPhone Developer";
				GCC_C_LANGUAGE_STANDARD = c99;
				GCC_THUMB_SUPPORT = NO;
				GCC_VERSION = "";
				GCC_WARN_ABOUT_RETURN_TYPE = YES;
				GCC_WARN_UNDECLARED_SELECTOR = YES;
				GCC_WARN_UNINITIALIZED_AUTOS = YES;
				GCC_WARN_UNUSED_FUNCTION = YES;
				GCC_WARN_UNUSED_VARIABLE = YES;
				HEADER_SEARCH_PATHS = (
					"\"$(TARGET_BUILD_DIR)/usr/local/lib/include\"",
					"\"$(OBJROOT)/UninstalledProducts/include\"",
					"\"$(BUILT_PRODUCTS_DIR)\"",
					"\"$(OBJROOT)/UninstalledProducts/$(PLATFORM_NAME)/include\"",
				);
				IPHONEOS_DEPLOYMENT_TARGET = 8.0;
				OTHER_LDFLAGS = (
					"-weak_framework",
					CoreFoundation,
					"-weak_framework",
					UIKit,
					"-weak_framework",
					AVFoundation,
					"-weak_framework",
					CoreMedia,
					"-weak-lSystem",
					"-ObjC",
				);
				SDKROOT = iphoneos;
				SKIP_INSTALL = NO;
				USER_HEADER_SEARCH_PATHS = "";
				CODE_SIGN_ENTITLEMENTS = "FutbolCuatro/Resources/FutbolCuatro.entitlements";
			};
			name = Release;
		};
/* End XCBuildConfiguration section */

/* Begin XCConfigurationList section */
		1D6058960D05DD3E006BFB54 /* Build configuration list for PBXNativeTarget "FutbolCuatro" */ = {
			isa = XCConfigurationList;
			buildConfigurations = (
				1D6058940D05DD3E006BFB54 /* Debug */,
				1D6058950D05DD3E006BFB54 /* Release */,
			);
			defaultConfigurationIsVisible = 0;
			defaultConfigurationName = Release;
		};
		C01FCF4E08A954540054247B /* Build configuration list for PBXProject "FutbolCuatro" */ = {
			isa = XCConfigurationList;
			buildConfigurations = (
				C01FCF4F08A954540054247B /* Debug */,
				C01FCF5008A954540054247B /* Release */,
			);
			defaultConfigurationIsVisible = 0;
			defaultConfigurationName = Release;
		};
/* End XCConfigurationList section */
	};
	rootObject = 29B97313FDCFA39411CA2CEA /* Project object */;
}
