// !$*UTF8*$!
{
	archiveVersion = 1;
	classes = {
	};
	objectVersion = 46;
	objects = {
/* Begin PBXBuildFile section */
		1D3623260D0F684500981E51 /* AppDelegate.m in Sources */ = {isa = PBXBuildFile; fileRef = 1D3623250D0F684500981E51 /* AppDelegate.m */; };
		1D60589B0D05DD56006BFB54 /* main.m in Sources */ = {isa = PBXBuildFile; fileRef = 29B97316FDCFA39411CA2CEA /* main.m */; };
		288765FD0DF74451002DB57D /* CoreGraphics.framework in Frameworks */ = {isa = PBXBuildFile; fileRef = 288765FC0DF74451002DB57D /* CoreGraphics.framework */; };
		301BF552109A68D80062928A /* libCordova.a in Frameworks */ = {isa = PBXBuildFile; fileRef = 301BF535109A57CC0062928A /* libCordova.a */; };
		302D95F114D2391D003F00A1 /* MainViewController.m in Sources */ = {isa = PBXBuildFile; fileRef = 302D95EF14D2391D003F00A1 /* MainViewController.m */; };
		302D95F214D2391D003F00A1 /* MainViewController.xib in Resources */ = {isa = PBXBuildFile; fileRef = 302D95F014D2391D003F00A1 /* MainViewController.xib */; };
		305D5FD1115AB8F900A74A75 /* MobileCoreServices.framework in Frameworks */ = {isa = PBXBuildFile; fileRef = 305D5FD0115AB8F900A74A75 /* MobileCoreServices.framework */; };
		3088BBBD154F3926009F9C59 /* Default-Landscape@2x~ipad.png in Resources */ = {isa = PBXBuildFile; fileRef = 3088BBB7154F3926009F9C59 /* Default-Landscape@2x~ipad.png */; };
		3088BBBE154F3926009F9C59 /* Default-Landscape~ipad.png in Resources */ = {isa = PBXBuildFile; fileRef = 3088BBB8154F3926009F9C59 /* Default-Landscape~ipad.png */; };
		3088BBBF154F3926009F9C59 /* Default-Portrait@2x~ipad.png in Resources */ = {isa = PBXBuildFile; fileRef = 3088BBB9154F3926009F9C59 /* Default-Portrait@2x~ipad.png */; };
		3088BBC0154F3926009F9C59 /* Default-Portrait~ipad.png in Resources */ = {isa = PBXBuildFile; fileRef = 3088BBBA154F3926009F9C59 /* Default-Portrait~ipad.png */; };
		3088BBC1154F3926009F9C59 /* Default@2x~iphone.png in Resources */ = {isa = PBXBuildFile; fileRef = 3088BBBB154F3926009F9C59 /* Default@2x~iphone.png */; };
		3088BBC2154F3926009F9C59 /* Default~iphone.png in Resources */ = {isa = PBXBuildFile; fileRef = 3088BBBC154F3926009F9C59 /* Default~iphone.png */; };
		308D05371370CCF300D202BF /* icon-72.png in Resources */ = {isa = PBXBuildFile; fileRef = 308D052E1370CCF300D202BF /* icon-72.png */; };
		308D05381370CCF300D202BF /* icon.png in Resources */ = {isa = PBXBuildFile; fileRef = 308D052F1370CCF300D202BF /* icon.png */; };
		308D05391370CCF300D202BF /* icon@2x.png in Resources */ = {isa = PBXBuildFile; fileRef = 308D05301370CCF300D202BF /* icon@2x.png */; };
		30B4F30019D5E07200D9F7D8 /* Default-667h.png in Resources */ = {isa = PBXBuildFile; fileRef = 30B4F2FD19D5E07200D9F7D8 /* Default-667h.png */; };
		30B4F30119D5E07200D9F7D8 /* Default-736h.png in Resources */ = {isa = PBXBuildFile; fileRef = 30B4F2FE19D5E07200D9F7D8 /* Default-736h.png */; };
		30B4F30219D5E07200D9F7D8 /* Default-Landscape-736h.png in Resources */ = {isa = PBXBuildFile; fileRef = 30B4F2FF19D5E07200D9F7D8 /* Default-Landscape-736h.png */; };
		30C1856619D5FC0A00212699 /* icon-60@3x.png in Resources */ = {isa = PBXBuildFile; fileRef = 30C1856519D5FC0A00212699 /* icon-60@3x.png */; };
		30FC414916E50CA1004E6F35 /* icon-72@2x.png in Resources */ = {isa = PBXBuildFile; fileRef = 30FC414816E50CA1004E6F35 /* icon-72@2x.png */; };
		5B1594DD16A7569C00FEF299 /* AssetsLibrary.framework in Frameworks */ = {isa = PBXBuildFile; fileRef = 5B1594DC16A7569C00FEF299 /* AssetsLibrary.framework */; };
		7E7966DE1810823500FA85AD /* icon-40.png in Resources */ = {isa = PBXBuildFile; fileRef = 7E7966D41810823500FA85AD /* icon-40.png */; };
		7E7966DF1810823500FA85AD /* icon-40@2x.png in Resources */ = {isa = PBXBuildFile; fileRef = 7E7966D51810823500FA85AD /* icon-40@2x.png */; };
		7E7966E01810823500FA85AD /* icon-50.png in Resources */ = {isa = PBXBuildFile; fileRef = 7E7966D61810823500FA85AD /* icon-50.png */; };
		7E7966E11810823500FA85AD /* icon-50@2x.png in Resources */ = {isa = PBXBuildFile; fileRef = 7E7966D71810823500FA85AD /* icon-50@2x.png */; };
		7E7966E21810823500FA85AD /* icon-60.png in Resources */ = {isa = PBXBuildFile; fileRef = 7E7966D81810823500FA85AD /* icon-60.png */; };
		7E7966E31810823500FA85AD /* icon-60@2x.png in Resources */ = {isa = PBXBuildFile; fileRef = 7E7966D91810823500FA85AD /* icon-60@2x.png */; };
		7E7966E41810823500FA85AD /* icon-76.png in Resources */ = {isa = PBXBuildFile; fileRef = 7E7966DA1810823500FA85AD /* icon-76.png */; };
		7E7966E51810823500FA85AD /* icon-76@2x.png in Resources */ = {isa = PBXBuildFile; fileRef = 7E7966DB1810823500FA85AD /* icon-76@2x.png */; };
		7E7966E61810823500FA85AD /* icon-small.png in Resources */ = {isa = PBXBuildFile; fileRef = 7E7966DC1810823500FA85AD /* icon-small.png */; };
		7E7966E71810823500FA85AD /* icon-small@2x.png in Resources */ = {isa = PBXBuildFile; fileRef = 7E7966DD1810823500FA85AD /* icon-small@2x.png */; };
		D4A0D8761607E02300AEF8BB /* Default-568h@2x~iphone.png in Resources */ = {isa = PBXBuildFile; fileRef = D4A0D8751607E02300AEF8BB /* Default-568h@2x~iphone.png */; };
		7C453E092C304D01B3AEF45C /* FutbolCuatro.entitlements in Resources */ = {isa = PBXBuildFile; fileRef = BFF1133FCA75463D95E576D6 /* FutbolCuatro.entitlements */; };
		FF5C1BC34242434A8A809543 /* InAppPurchase.m in Sources */ = {isa = PBXBuildFile; fileRef = CD8B07ACCE454F98B532661B /* InAppPurchase.m */; };
		C3440917FFB14DEB860095E4 /* SKProduct+LocalizedPrice.m in Sources */ = {isa = PBXBuildFile; fileRef = 2EF53E03B93F476EA4B1363E /* SKProduct+LocalizedPrice.m */; };
		A6BE96DD07F64583A2BA2A98 /* FileUtility.m in Sources */ = {isa = PBXBuildFile; fileRef = 24F420AFC7844F0282A8CA94 /* FileUtility.m */; };
		A0390B715B29412A8E506993 /* StoreKit.framework in Frameworks */ = {isa = PBXBuildFile; fileRef = 10A65E0BEFC542E8AAC6BAB7 /* StoreKit.framework */; };
		2F5B9823FBED40A1B7539E95 /* ComScorePlugin.m in Sources */ = {isa = PBXBuildFile; fileRef = D60DAA26E069454F8630E70E /* ComScorePlugin.m */; };
		79F24E2D95124BABAB3A1AD0 /* libcomScore.a in Frameworks */ = {isa = PBXBuildFile; fileRef = 2F4C863730234DB9ABF2C683 /* libcomScore.a */; };
		895E3C01B8624D98A288A278 /* SystemConfiguration.framework in Frameworks */ = {isa = PBXBuildFile; fileRef = 40621B2CE3354D1E98C3BDAA /* SystemConfiguration.framework */; };
		F317D8D615CA452DB4C8768C /* Security.framework in Frameworks */ = {isa = PBXBuildFile; fileRef = B1C59ED300E5420EA7B6B3CC /* Security.framework */; };
		53A7269CE7FF4C0EAE4ECF36 /* AppVersion.m in Sources */ = {isa = PBXBuildFile; fileRef = 3EC08FCB1E0E4C6D871DADD5 /* AppVersion.m */; };
		9846B82AC26F41F6BC26D559 /* CDVLogger.m in Sources */ = {isa = PBXBuildFile; fileRef = 15CE0FBBC9784C7ABA10F8C9 /* CDVLogger.m */; };
		5529B515FEA74B6DBF397E22 /* CDVDevice.m in Sources */ = {isa = PBXBuildFile; fileRef = 61BD53414EE54307AFF64E86 /* CDVDevice.m */; };
		C4B23D30AF9A4AE6A6B887C8 /* CDVInAppBrowser.m in Sources */ = {isa = PBXBuildFile; fileRef = 5ABA67184D774A7F8447F97B /* CDVInAppBrowser.m */; };
		4C4D18ED894A45F490EC74D4 /* CDVSplashScreen.m in Sources */ = {isa = PBXBuildFile; fileRef = 0E3A094433F74099B064F80E /* CDVSplashScreen.m */; };
		634A17E16CC4499ABEFACBB6 /* CDVViewController+SplashScreen.m in Sources */ = {isa = PBXBuildFile; fileRef = B42C744392F245369BB4AA4A /* CDVViewController+SplashScreen.m */; };
		BBD8BC63249E435EB0BC7A3A /* NSString+URLEncoding.m in Sources */ = {isa = PBXBuildFile; fileRef = 9D235B1FAB7043ECABEA40C9 /* NSString+URLEncoding.m */; };
		39329826491B423BB4087496 /* SocialSharing.m in Sources */ = {isa = PBXBuildFile; fileRef = 7DE5F284C38C4F559910C73F /* SocialSharing.m */; };
		1106CD8477B640A9887388B7 /* Social.framework in Frameworks */ = {isa = PBXBuildFile; fileRef = 5EE6311423704105A6AEF2FC /* Social.framework */; settings = {ATTRIBUTES = (Weak, ); }; };
		37B79990F89B41C28071C14B /* MessageUI.framework in Frameworks */ = {isa = PBXBuildFile; fileRef = 6BC0393EDFF84190909CE245 /* MessageUI.framework */; settings = {ATTRIBUTES = (Weak, ); }; };
		D011B47AE49A4D0487A32D9E /* CULPlugin.m in Sources */ = {isa = PBXBuildFile; fileRef = D9949BFE08D449548C37E7C5 /* CULPlugin.m */; };
		2A35CA69432C4C46ADE8E783 /* AppDelegate+CULPlugin.m in Sources */ = {isa = PBXBuildFile; fileRef = 784B06A442DE45F784D00603 /* AppDelegate+CULPlugin.m */; };
		D7AF9ADFAB834037A352AD73 /* CDVPluginResult+CULPlugin.m in Sources */ = {isa = PBXBuildFile; fileRef = E367445628214CDCB8B24F4F /* CDVPluginResult+CULPlugin.m */; };
		D099E42FAC8140509FA4F97A /* CDVInvokedUrlCommand+CULPlugin.m in Sources */ = {isa = PBXBuildFile; fileRef = CD093BD777424C59A850150A /* CDVInvokedUrlCommand+CULPlugin.m */; };
		EABF3C7423D04E9E91556832 /* CULHost.m in Sources */ = {isa = PBXBuildFile; fileRef = 97B265DF9E3846E6B978C73D /* CULHost.m */; };
		02F406D92C994857A945B3DB /* CULHost.h in Resources */ = {isa = PBXBuildFile; fileRef = 13A2155D3AAA425AB666041D /* CULHost.h */; };
		09BD8E2A838F4869A3A4625F /* CULPath.m in Sources */ = {isa = PBXBuildFile; fileRef = C8A39E22AEFA4A4AB6662823 /* CULPath.m */; };
		905D0AB85F4F4B08BDE3309C /* CULPath.h in Resources */ = {isa = PBXBuildFile; fileRef = 075FA26ED00D43FBAEEF2F02 /* CULPath.h */; };
		AD6F79FA5D9F4AD69EC3D1A5 /* CULXmlTags.m in Sources */ = {isa = PBXBuildFile; fileRef = 7F4819A107AD41309340F434 /* CULXmlTags.m */; };
		2746B1BD121D42B896ED3449 /* CULXmlTags.h in Resources */ = {isa = PBXBuildFile; fileRef = C87061A12DC44A818334D023 /* CULXmlTags.h */; };
		E9808896E8954B4F95B062DC /* CULConfigXmlParser.m in Sources */ = {isa = PBXBuildFile; fileRef = 6ABDA31961A4423EBE1F5D62 /* CULConfigXmlParser.m */; };
		F58DDEAFC69F4C2BBDA5D8C7 /* CULConfigXmlParser.h in Resources */ = {isa = PBXBuildFile; fileRef = 976498311F4749FEA98DDA1A /* CULConfigXmlParser.h */; };
		C1A2E634961E43DF80A25BC1 /* NSBundle+CULPlugin.m in Sources */ = {isa = PBXBuildFile; fileRef = 139EFA8334FB49928EADB630 /* NSBundle+CULPlugin.m */; };
		62095FAFD98249C5856E2D4F /* NSBundle+CULPlugin.h in Resources */ = {isa = PBXBuildFile; fileRef = EBBB73809F674E11B7BD6A6D /* NSBundle+CULPlugin.h */; };
		9E18DE5BE9F14234B9D19E86 /* CDVStatusBar.m in Sources */ = {isa = PBXBuildFile; fileRef = 48E20ECA8EB94DCE899B9686 /* CDVStatusBar.m */; };
/* End PBXBuildFile section */

/* Begin PBXContainerItemProxy section */
		301BF534109A57CC0062928A /* PBXContainerItemProxy */ = {
			isa = PBXContainerItemProxy;
			containerPortal = 301BF52D109A57CC0062928A /* CordovaLib.xcodeproj */;
			proxyType = 2;
			remoteGlobalIDString = D2AAC07E0554694100DB518D;
			remoteInfo = CordovaLib;
		};
		301BF550109A68C00062928A /* PBXContainerItemProxy */ = {
			isa = PBXContainerItemProxy;
			containerPortal = 301BF52D109A57CC0062928A /* CordovaLib.xcodeproj */;
			proxyType = 1;
			remoteGlobalIDString = D2AAC07D0554694100DB518D;
			remoteInfo = CordovaLib;
		};
/* End PBXContainerItemProxy section */

/* Begin PBXFileReference section */
		1D3623240D0F684500981E51 /* AppDelegate.h */ = {isa = PBXFileReference; fileEncoding = 4; lastKnownFileType = sourcecode.c.h; path = AppDelegate.h; sourceTree = "<group>"; };
		1D3623250D0F684500981E51 /* AppDelegate.m */ = {isa = PBXFileReference; fileEncoding = 4; lastKnownFileType = sourcecode.c.objc; path = AppDelegate.m; sourceTree = "<group>"; };
		1D6058910D05DD3D006BFB54 /* FutbolCuatro.app */ = {isa = PBXFileReference; explicitFileType = wrapper.application; includeInIndex = 0; path = "FutbolCuatro.app"; sourceTree = BUILT_PRODUCTS_DIR; };
		1F766FDD13BBADB100FB74C0 /* en */ = {isa = PBXFileReference; lastKnownFileType = text.plist.strings; name = en; path = Localizable.strings; sourceTree = "<group>"; };
		1F766FE013BBADB100FB74C0 /* es */ = {isa = PBXFileReference; lastKnownFileType = text.plist.strings; name = es; path = Localizable.strings; sourceTree = "<group>"; };
		288765FC0DF74451002DB57D /* CoreGraphics.framework */ = {isa = PBXFileReference; lastKnownFileType = wrapper.framework; name = CoreGraphics.framework; path = System/Library/Frameworks/CoreGraphics.framework; sourceTree = SDKROOT; };
		29B97316FDCFA39411CA2CEA /* main.m */ = {isa = PBXFileReference; fileEncoding = 4; lastKnownFileType = sourcecode.c.objc; path = main.m; sourceTree = "<group>"; };
		301BF52D109A57CC0062928A /* CordovaLib.xcodeproj */ = {isa = PBXFileReference; lastKnownFileType = "wrapper.pb-project"; name = CordovaLib.xcodeproj; path = CordovaLib/CordovaLib.xcodeproj; sourceTree = "<group>"; };
		301BF56E109A69640062928A /* www */ = {isa = PBXFileReference; lastKnownFileType = folder; path = www; sourceTree = SOURCE_ROOT; };
		302D95EE14D2391D003F00A1 /* MainViewController.h */ = {isa = PBXFileReference; fileEncoding = 4; lastKnownFileType = sourcecode.c.h; path = MainViewController.h; sourceTree = "<group>"; };
		302D95EF14D2391D003F00A1 /* MainViewController.m */ = {isa = PBXFileReference; fileEncoding = 4; lastKnownFileType = sourcecode.c.objc; path = MainViewController.m; sourceTree = "<group>"; };
		302D95F014D2391D003F00A1 /* MainViewController.xib */ = {isa = PBXFileReference; fileEncoding = 4; lastKnownFileType = file.xib; path = MainViewController.xib; sourceTree = "<group>"; };
		305D5FD0115AB8F900A74A75 /* MobileCoreServices.framework */ = {isa = PBXFileReference; lastKnownFileType = wrapper.framework; name = MobileCoreServices.framework; path = System/Library/Frameworks/MobileCoreServices.framework; sourceTree = SDKROOT; };
		3088BBB7154F3926009F9C59 /* Default-Landscape@2x~ipad.png */ = {isa = PBXFileReference; lastKnownFileType = image.png; path = "Default-Landscape@2x~ipad.png"; sourceTree = "<group>"; };
		3088BBB8154F3926009F9C59 /* Default-Landscape~ipad.png */ = {isa = PBXFileReference; lastKnownFileType = image.png; path = "Default-Landscape~ipad.png"; sourceTree = "<group>"; };
		3088BBB9154F3926009F9C59 /* Default-Portrait@2x~ipad.png */ = {isa = PBXFileReference; lastKnownFileType = image.png; path = "Default-Portrait@2x~ipad.png"; sourceTree = "<group>"; };
		3088BBBA154F3926009F9C59 /* Default-Portrait~ipad.png */ = {isa = PBXFileReference; lastKnownFileType = image.png; path = "Default-Portrait~ipad.png"; sourceTree = "<group>"; };
		3088BBBB154F3926009F9C59 /* Default@2x~iphone.png */ = {isa = PBXFileReference; lastKnownFileType = image.png; path = "Default@2x~iphone.png"; sourceTree = "<group>"; };
		3088BBBC154F3926009F9C59 /* Default~iphone.png */ = {isa = PBXFileReference; lastKnownFileType = image.png; path = "Default~iphone.png"; sourceTree = "<group>"; };
		308D052E1370CCF300D202BF /* icon-72.png */ = {isa = PBXFileReference; lastKnownFileType = image.png; path = "icon-72.png"; sourceTree = "<group>"; };
		308D052F1370CCF300D202BF /* icon.png */ = {isa = PBXFileReference; lastKnownFileType = image.png; path = icon.png; sourceTree = "<group>"; };
		308D05301370CCF300D202BF /* icon@2x.png */ = {isa = PBXFileReference; lastKnownFileType = image.png; path = "icon@2x.png"; sourceTree = "<group>"; };
		30B4F2FD19D5E07200D9F7D8 /* Default-667h.png */ = {isa = PBXFileReference; lastKnownFileType = image.png; path = "Default-667h.png"; sourceTree = "<group>"; };
		30B4F2FE19D5E07200D9F7D8 /* Default-736h.png */ = {isa = PBXFileReference; lastKnownFileType = image.png; path = "Default-736h.png"; sourceTree = "<group>"; };
		30B4F2FF19D5E07200D9F7D8 /* Default-Landscape-736h.png */ = {isa = PBXFileReference; lastKnownFileType = image.png; path = "Default-Landscape-736h.png"; sourceTree = "<group>"; };
		30C1856519D5FC0A00212699 /* icon-60@3x.png */ = {isa = PBXFileReference; lastKnownFileType = image.png; path = "icon-60@3x.png"; sourceTree = "<group>"; };
		30FC414816E50CA1004E6F35 /* icon-72@2x.png */ = {isa = PBXFileReference; lastKnownFileType = image.png; path = "icon-72@2x.png"; sourceTree = "<group>"; };
		32CA4F630368D1EE00C91783 /* FutbolCuatro-Prefix.pch */ = {isa = PBXFileReference; fileEncoding = 4; lastKnownFileType = sourcecode.c.h; path = "FutbolCuatro-Prefix.pch"; sourceTree = "<group>"; };
		5B1594DC16A7569C00FEF299 /* AssetsLibrary.framework */ = {isa = PBXFileReference; lastKnownFileType = wrapper.framework; name = AssetsLibrary.framework; path = System/Library/Frameworks/AssetsLibrary.framework; sourceTree = SDKROOT; };
		7E7966D41810823500FA85AD /* icon-40.png */ = {isa = PBXFileReference; lastKnownFileType = image.png; path = "icon-40.png"; sourceTree = "<group>"; };
		7E7966D51810823500FA85AD /* icon-40@2x.png */ = {isa = PBXFileReference; lastKnownFileType = image.png; path = "icon-40@2x.png"; sourceTree = "<group>"; };
		7E7966D61810823500FA85AD /* icon-50.png */ = {isa = PBXFileReference; lastKnownFileType = image.png; path = "icon-50.png"; sourceTree = "<group>"; };
		7E7966D71810823500FA85AD /* icon-50@2x.png */ = {isa = PBXFileReference; lastKnownFileType = image.png; path = "icon-50@2x.png"; sourceTree = "<group>"; };
		7E7966D81810823500FA85AD /* icon-60.png */ = {isa = PBXFileReference; lastKnownFileType = image.png; path = "icon-60.png"; sourceTree = "<group>"; };
		7E7966D91810823500FA85AD /* icon-60@2x.png */ = {isa = PBXFileReference; lastKnownFileType = image.png; path = "icon-60@2x.png"; sourceTree = "<group>"; };
		7E7966DA1810823500FA85AD /* icon-76.png */ = {isa = PBXFileReference; lastKnownFileType = image.png; path = "icon-76.png"; sourceTree = "<group>"; };
		7E7966DB1810823500FA85AD /* icon-76@2x.png */ = {isa = PBXFileReference; lastKnownFileType = image.png; path = "icon-76@2x.png"; sourceTree = "<group>"; };
		7E7966DC1810823500FA85AD /* icon-small.png */ = {isa = PBXFileReference; lastKnownFileType = image.png; path = "icon-small.png"; sourceTree = "<group>"; };
		7E7966DD1810823500FA85AD /* icon-small@2x.png */ = {isa = PBXFileReference; lastKnownFileType = image.png; path = "icon-small@2x.png"; sourceTree = "<group>"; };
		8D1107310486CEB800E47090 /* FutbolCuatro-Info.plist */ = {isa = PBXFileReference; fileEncoding = 4; lastKnownFileType = text.plist.xml; name = "FutbolCuatro-Info.plist"; path = "../FutbolCuatro-Info.plist"; plistStructureDefinitionIdentifier = "com.apple.xcode.plist.structure-definition.iphone.info-plist"; sourceTree = "<group>"; };
		D4A0D8751607E02300AEF8BB /* Default-568h@2x~iphone.png */ = {isa = PBXFileReference; lastKnownFileType = image.png; path = "Default-568h@2x~iphone.png"; sourceTree = "<group>"; };
		EB87FDF21871DA7A0020F90C /* merges */ = {isa = PBXFileReference; lastKnownFileType = folder; name = merges; path = ../../merges; sourceTree = "<group>"; };
		EB87FDF31871DA8E0020F90C /* www */ = {isa = PBXFileReference; lastKnownFileType = folder; name = www; path = ../../www; sourceTree = "<group>"; };
		EB87FDF41871DAF40020F90C /* config.xml */ = {isa = PBXFileReference; lastKnownFileType = text.xml; name = config.xml; path = ../../config.xml; sourceTree = "<group>"; };
		F840E1F0165FE0F500CFE078 /* config.xml */ = {isa = PBXFileReference; lastKnownFileType = text.xml; name = config.xml; path = "FutbolCuatro/config.xml"; sourceTree = "<group>"; };
		BFF1133FCA75463D95E576D6 /* FutbolCuatro.entitlements */ = {isa = PBXFileReference; lastKnownFileType = unknown; name = "FutbolCuatro.entitlements"; path = "FutbolCuatro.entitlements"; sourceTree = "<group>"; fileEncoding = 4; };
		CD8B07ACCE454F98B532661B /* InAppPurchase.m */ = {isa = PBXFileReference; lastKnownFileType = sourcecode.c.objc; name = "InAppPurchase.m"; path = "cc.fovea.cordova.purchase/InAppPurchase.m"; sourceTree = "<group>"; fileEncoding = 4; };
		2EF53E03B93F476EA4B1363E /* SKProduct+LocalizedPrice.m */ = {isa = PBXFileReference; lastKnownFileType = sourcecode.c.objc; name = "SKProduct+LocalizedPrice.m"; path = "cc.fovea.cordova.purchase/SKProduct+LocalizedPrice.m"; sourceTree = "<group>"; fileEncoding = 4; };
		24F420AFC7844F0282A8CA94 /* FileUtility.m */ = {isa = PBXFileReference; lastKnownFileType = sourcecode.c.objc; name = "FileUtility.m"; path = "cc.fovea.cordova.purchase/FileUtility.m"; sourceTree = "<group>"; fileEncoding = 4; };
		B421C14045B441DD84665474 /* InAppPurchase.h */ = {isa = PBXFileReference; lastKnownFileType = sourcecode.c.h; name = "InAppPurchase.h"; path = "cc.fovea.cordova.purchase/InAppPurchase.h"; sourceTree = "<group>"; fileEncoding = 4; };
		E9C4A2529A4F4BCAAA6AD3FC /* SKProduct+LocalizedPrice.h */ = {isa = PBXFileReference; lastKnownFileType = sourcecode.c.h; name = "SKProduct+LocalizedPrice.h"; path = "cc.fovea.cordova.purchase/SKProduct+LocalizedPrice.h"; sourceTree = "<group>"; fileEncoding = 4; };
		8D453E0DAB004E5D8C7E62D3 /* FileUtility.h */ = {isa = PBXFileReference; lastKnownFileType = sourcecode.c.h; name = "FileUtility.h"; path = "cc.fovea.cordova.purchase/FileUtility.h"; sourceTree = "<group>"; fileEncoding = 4; };
		10A65E0BEFC542E8AAC6BAB7 /* StoreKit.framework */ = {isa = PBXFileReference; lastKnownFileType = wrapper.framework; name = "StoreKit.framework"; path = "System/Library/Frameworks/StoreKit.framework"; sourceTree = SDKROOT; fileEncoding = 4; };
		D60DAA26E069454F8630E70E /* ComScorePlugin.m */ = {isa = PBXFileReference; lastKnownFileType = sourcecode.c.objc; name = "ComScorePlugin.m"; path = "com.comscoreplugin/ComScorePlugin.m"; sourceTree = "<group>"; fileEncoding = 4; };
		2F4C863730234DB9ABF2C683 /* libcomScore.a */ = {isa = PBXFileReference; lastKnownFileType = archive.ar; name = "libcomScore.a"; path = "FutbolCuatro/Plugins/com.comscoreplugin/libcomScore.a"; sourceTree = "<group>"; fileEncoding = 4; };
		7D3E119700C340E9B2DB5759 /* ComScorePlugin.h */ = {isa = PBXFileReference; lastKnownFileType = sourcecode.c.h; name = "ComScorePlugin.h"; path = "com.comscoreplugin/ComScorePlugin.h"; sourceTree = "<group>"; fileEncoding = 4; };
		42E672FC0A9F492F9F990167 /* CSApplicationState.h */ = {isa = PBXFileReference; lastKnownFileType = sourcecode.c.h; name = "CSApplicationState.h"; path = "com.comscoreplugin/CSApplicationState.h"; sourceTree = "<group>"; fileEncoding = 4; };
		1E14F6BD30214932BC0CB1E1 /* CSCacheFlusher.h */ = {isa = PBXFileReference; lastKnownFileType = sourcecode.c.h; name = "CSCacheFlusher.h"; path = "com.comscoreplugin/CSCacheFlusher.h"; sourceTree = "<group>"; fileEncoding = 4; };
		0FD1905B2870471E897178BB /* CSCensus.h */ = {isa = PBXFileReference; lastKnownFileType = sourcecode.c.h; name = "CSCensus.h"; path = "com.comscoreplugin/CSCensus.h"; sourceTree = "<group>"; fileEncoding = 4; };
		AA24DCD1226F40CEBBA31C1B /* CSComScore.h */ = {isa = PBXFileReference; lastKnownFileType = sourcecode.c.h; name = "CSComScore.h"; path = "com.comscoreplugin/CSComScore.h"; sourceTree = "<group>"; fileEncoding = 4; };
		3B2785C51EAC4714B926F544 /* CSCore.h */ = {isa = PBXFileReference; lastKnownFileType = sourcecode.c.h; name = "CSCore.h"; path = "com.comscoreplugin/CSCore.h"; sourceTree = "<group>"; fileEncoding = 4; };
		19310A90678D4C1FAECF0C3C /* CSEventType.h */ = {isa = PBXFileReference; lastKnownFileType = sourcecode.c.h; name = "CSEventType.h"; path = "com.comscoreplugin/CSEventType.h"; sourceTree = "<group>"; fileEncoding = 4; };
		E8E82D556F9C4A1D987F7B4D /* CSKeepAlive.h */ = {isa = PBXFileReference; lastKnownFileType = sourcecode.c.h; name = "CSKeepAlive.h"; path = "com.comscoreplugin/CSKeepAlive.h"; sourceTree = "<group>"; fileEncoding = 4; };
		233EF037282E41238F2FF235 /* CSMeasurementDispatcher.h */ = {isa = PBXFileReference; lastKnownFileType = sourcecode.c.h; name = "CSMeasurementDispatcher.h"; path = "com.comscoreplugin/CSMeasurementDispatcher.h"; sourceTree = "<group>"; fileEncoding = 4; };
		63BCF833B6E4489887381910 /* CSNotificationsObserver.h */ = {isa = PBXFileReference; lastKnownFileType = sourcecode.c.h; name = "CSNotificationsObserver.h"; path = "com.comscoreplugin/CSNotificationsObserver.h"; sourceTree = "<group>"; fileEncoding = 4; };
		4BCA6BC3281A44869301D895 /* CSOfflineCache.h */ = {isa = PBXFileReference; lastKnownFileType = sourcecode.c.h; name = "CSOfflineCache.h"; path = "com.comscoreplugin/CSOfflineCache.h"; sourceTree = "<group>"; fileEncoding = 4; };
		14360F2FD79946E49B7E14DA /* CSSessionState.h */ = {isa = PBXFileReference; lastKnownFileType = sourcecode.c.h; name = "CSSessionState.h"; path = "com.comscoreplugin/CSSessionState.h"; sourceTree = "<group>"; fileEncoding = 4; };
		1D79D67DE55C4F3DAE8086E8 /* CSStorage.h */ = {isa = PBXFileReference; lastKnownFileType = sourcecode.c.h; name = "CSStorage.h"; path = "com.comscoreplugin/CSStorage.h"; sourceTree = "<group>"; fileEncoding = 4; };
		ACA7FAA6D956469A9572EBAC /* CSTaskExecutor.h */ = {isa = PBXFileReference; lastKnownFileType = sourcecode.c.h; name = "CSTaskExecutor.h"; path = "com.comscoreplugin/CSTaskExecutor.h"; sourceTree = "<group>"; fileEncoding = 4; };
		944AE929E2D84AB5868F56DA /* CSTransmissionMode.h */ = {isa = PBXFileReference; lastKnownFileType = sourcecode.c.h; name = "CSTransmissionMode.h"; path = "com.comscoreplugin/CSTransmissionMode.h"; sourceTree = "<group>"; fileEncoding = 4; };
		40621B2CE3354D1E98C3BDAA /* SystemConfiguration.framework */ = {isa = PBXFileReference; lastKnownFileType = wrapper.framework; name = "SystemConfiguration.framework"; path = "System/Library/Frameworks/SystemConfiguration.framework"; sourceTree = SDKROOT; fileEncoding = 4; };
		B1C59ED300E5420EA7B6B3CC /* Security.framework */ = {isa = PBXFileReference; lastKnownFileType = wrapper.framework; name = "Security.framework"; path = "System/Library/Frameworks/Security.framework"; sourceTree = SDKROOT; fileEncoding = 4; };
		3EC08FCB1E0E4C6D871DADD5 /* AppVersion.m */ = {isa = PBXFileReference; lastKnownFileType = sourcecode.c.objc; name = "AppVersion.m"; path = "cordova-plugin-app-version/AppVersion.m"; sourceTree = "<group>"; fileEncoding = 4; };
		D4EF5D1173A3421F80303193 /* AppVersion.h */ = {isa = PBXFileReference; lastKnownFileType = sourcecode.c.h; name = "AppVersion.h"; path = "cordova-plugin-app-version/AppVersion.h"; sourceTree = "<group>"; fileEncoding = 4; };
		15CE0FBBC9784C7ABA10F8C9 /* CDVLogger.m */ = {isa = PBXFileReference; lastKnownFileType = sourcecode.c.objc; name = "CDVLogger.m"; path = "cordova-plugin-console/CDVLogger.m"; sourceTree = "<group>"; fileEncoding = 4; };
		B708169D933842C3A01133C4 /* CDVLogger.h */ = {isa = PBXFileReference; lastKnownFileType = sourcecode.c.h; name = "CDVLogger.h"; path = "cordova-plugin-console/CDVLogger.h"; sourceTree = "<group>"; fileEncoding = 4; };
		61BD53414EE54307AFF64E86 /* CDVDevice.m */ = {isa = PBXFileReference; lastKnownFileType = sourcecode.c.objc; name = "CDVDevice.m"; path = "cordova-plugin-device/CDVDevice.m"; sourceTree = "<group>"; fileEncoding = 4; };
		8591254698624A79910D71F0 /* CDVDevice.h */ = {isa = PBXFileReference; lastKnownFileType = sourcecode.c.h; name = "CDVDevice.h"; path = "cordova-plugin-device/CDVDevice.h"; sourceTree = "<group>"; fileEncoding = 4; };
		5ABA67184D774A7F8447F97B /* CDVInAppBrowser.m */ = {isa = PBXFileReference; lastKnownFileType = sourcecode.c.objc; name = "CDVInAppBrowser.m"; path = "cordova-plugin-inappbrowser/CDVInAppBrowser.m"; sourceTree = "<group>"; fileEncoding = 4; };
		26485D4905FE49DDA1A40DE2 /* CDVInAppBrowser.h */ = {isa = PBXFileReference; lastKnownFileType = sourcecode.c.h; name = "CDVInAppBrowser.h"; path = "cordova-plugin-inappbrowser/CDVInAppBrowser.h"; sourceTree = "<group>"; fileEncoding = 4; };
		0E3A094433F74099B064F80E /* CDVSplashScreen.m */ = {isa = PBXFileReference; lastKnownFileType = sourcecode.c.objc; name = "CDVSplashScreen.m"; path = "cordova-plugin-splashscreen/CDVSplashScreen.m"; sourceTree = "<group>"; fileEncoding = 4; };
		B42C744392F245369BB4AA4A /* CDVViewController+SplashScreen.m */ = {isa = PBXFileReference; lastKnownFileType = sourcecode.c.objc; name = "CDVViewController+SplashScreen.m"; path = "cordova-plugin-splashscreen/CDVViewController+SplashScreen.m"; sourceTree = "<group>"; fileEncoding = 4; };
		3D956246C971493FBF187F7A /* CDVSplashScreen.h */ = {isa = PBXFileReference; lastKnownFileType = sourcecode.c.h; name = "CDVSplashScreen.h"; path = "cordova-plugin-splashscreen/CDVSplashScreen.h"; sourceTree = "<group>"; fileEncoding = 4; };
		4F2DB3E7F371443A89902BF9 /* CDVViewController+SplashScreen.h */ = {isa = PBXFileReference; lastKnownFileType = sourcecode.c.h; name = "CDVViewController+SplashScreen.h"; path = "cordova-plugin-splashscreen/CDVViewController+SplashScreen.h"; sourceTree = "<group>"; fileEncoding = 4; };
		9D235B1FAB7043ECABEA40C9 /* NSString+URLEncoding.m */ = {isa = PBXFileReference; lastKnownFileType = sourcecode.c.objc; name = "NSString+URLEncoding.m"; path = "cordova-plugin-x-socialsharing/NSString+URLEncoding.m"; sourceTree = "<group>"; fileEncoding = 4; };
		7DE5F284C38C4F559910C73F /* SocialSharing.m */ = {isa = PBXFileReference; lastKnownFileType = sourcecode.c.objc; name = "SocialSharing.m"; path = "cordova-plugin-x-socialsharing/SocialSharing.m"; sourceTree = "<group>"; fileEncoding = 4; };
		12BAF6DEBED54FB387222C17 /* NSString+URLEncoding.h */ = {isa = PBXFileReference; lastKnownFileType = sourcecode.c.h; name = "NSString+URLEncoding.h"; path = "cordova-plugin-x-socialsharing/NSString+URLEncoding.h"; sourceTree = "<group>"; fileEncoding = 4; };
		55FE75C51BF1420A83516CF5 /* SocialSharing.h */ = {isa = PBXFileReference; lastKnownFileType = sourcecode.c.h; name = "SocialSharing.h"; path = "cordova-plugin-x-socialsharing/SocialSharing.h"; sourceTree = "<group>"; fileEncoding = 4; };
		5EE6311423704105A6AEF2FC /* Social.framework */ = {isa = PBXFileReference; lastKnownFileType = wrapper.framework; name = "Social.framework"; path = "System/Library/Frameworks/Social.framework"; sourceTree = SDKROOT; fileEncoding = 4; };
		6BC0393EDFF84190909CE245 /* MessageUI.framework */ = {isa = PBXFileReference; lastKnownFileType = wrapper.framework; name = "MessageUI.framework"; path = "System/Library/Frameworks/MessageUI.framework"; sourceTree = SDKROOT; fileEncoding = 4; };
		D9949BFE08D449548C37E7C5 /* CULPlugin.m */ = {isa = PBXFileReference; lastKnownFileType = sourcecode.c.objc; name = "CULPlugin.m"; path = "cordova-universal-links-plugin/CULPlugin.m"; sourceTree = "<group>"; fileEncoding = 4; };
		784B06A442DE45F784D00603 /* AppDelegate+CULPlugin.m */ = {isa = PBXFileReference; lastKnownFileType = sourcecode.c.objc; name = "AppDelegate+CULPlugin.m"; path = "cordova-universal-links-plugin/AppDelegate+CULPlugin.m"; sourceTree = "<group>"; fileEncoding = 4; };
		E367445628214CDCB8B24F4F /* CDVPluginResult+CULPlugin.m */ = {isa = PBXFileReference; lastKnownFileType = sourcecode.c.objc; name = "CDVPluginResult+CULPlugin.m"; path = "cordova-universal-links-plugin/JS/CDVPluginResult+CULPlugin.m"; sourceTree = "<group>"; fileEncoding = 4; };
		CD093BD777424C59A850150A /* CDVInvokedUrlCommand+CULPlugin.m */ = {isa = PBXFileReference; lastKnownFileType = sourcecode.c.objc; name = "CDVInvokedUrlCommand+CULPlugin.m"; path = "cordova-universal-links-plugin/JS/CDVInvokedUrlCommand+CULPlugin.m"; sourceTree = "<group>"; fileEncoding = 4; };
		97B265DF9E3846E6B978C73D /* CULHost.m */ = {isa = PBXFileReference; lastKnownFileType = sourcecode.c.objc; name = "CULHost.m"; path = "cordova-universal-links-plugin/Model/CULHost.m"; sourceTree = "<group>"; fileEncoding = 4; };
		13A2155D3AAA425AB666041D /* CULHost.h */ = {isa = PBXFileReference; lastKnownFileType = sourcecode.c.h; name = "CULHost.h"; path = "cordova-universal-links-plugin/Model/CULHost.h"; sourceTree = "<group>"; fileEncoding = 4; };
		C8A39E22AEFA4A4AB6662823 /* CULPath.m */ = {isa = PBXFileReference; lastKnownFileType = sourcecode.c.objc; name = "CULPath.m"; path = "cordova-universal-links-plugin/Model/CULPath.m"; sourceTree = "<group>"; fileEncoding = 4; };
		075FA26ED00D43FBAEEF2F02 /* CULPath.h */ = {isa = PBXFileReference; lastKnownFileType = sourcecode.c.h; name = "CULPath.h"; path = "cordova-universal-links-plugin/Model/CULPath.h"; sourceTree = "<group>"; fileEncoding = 4; };
		7F4819A107AD41309340F434 /* CULXmlTags.m */ = {isa = PBXFileReference; lastKnownFileType = sourcecode.c.objc; name = "CULXmlTags.m"; path = "cordova-universal-links-plugin/Parser/CULXmlTags.m"; sourceTree = "<group>"; fileEncoding = 4; };
		C87061A12DC44A818334D023 /* CULXmlTags.h */ = {isa = PBXFileReference; lastKnownFileType = sourcecode.c.h; name = "CULXmlTags.h"; path = "cordova-universal-links-plugin/Parser/CULXmlTags.h"; sourceTree = "<group>"; fileEncoding = 4; };
		6ABDA31961A4423EBE1F5D62 /* CULConfigXmlParser.m */ = {isa = PBXFileReference; lastKnownFileType = sourcecode.c.objc; name = "CULConfigXmlParser.m"; path = "cordova-universal-links-plugin/Parser/CULConfigXmlParser.m"; sourceTree = "<group>"; fileEncoding = 4; };
		976498311F4749FEA98DDA1A /* CULConfigXmlParser.h */ = {isa = PBXFileReference; lastKnownFileType = sourcecode.c.h; name = "CULConfigXmlParser.h"; path = "cordova-universal-links-plugin/Parser/CULConfigXmlParser.h"; sourceTree = "<group>"; fileEncoding = 4; };
		139EFA8334FB49928EADB630 /* NSBundle+CULPlugin.m */ = {isa = PBXFileReference; lastKnownFileType = sourcecode.c.objc; name = "NSBundle+CULPlugin.m"; path = "cordova-universal-links-plugin/Utils/NSBundle+CULPlugin.m"; sourceTree = "<group>"; fileEncoding = 4; };
		EBBB73809F674E11B7BD6A6D /* NSBundle+CULPlugin.h */ = {isa = PBXFileReference; lastKnownFileType = sourcecode.c.h; name = "NSBundle+CULPlugin.h"; path = "cordova-universal-links-plugin/Utils/NSBundle+CULPlugin.h"; sourceTree = "<group>"; fileEncoding = 4; };
		5175DF389D284F539DE7AA28 /* CULPlugin.h */ = {isa = PBXFileReference; lastKnownFileType = sourcecode.c.h; name = "CULPlugin.h"; path = "cordova-universal-links-plugin/CULPlugin.h"; sourceTree = "<group>"; fileEncoding = 4; };
		1A21AAAEF0674A6EA6BE7773 /* AppDelegate+CULPlugin.h */ = {isa = PBXFileReference; lastKnownFileType = sourcecode.c.h; name = "AppDelegate+CULPlugin.h"; path = "cordova-universal-links-plugin/AppDelegate+CULPlugin.h"; sourceTree = "<group>"; fileEncoding = 4; };
		788E46E0EA664B9884D0691A /* CDVPluginResult+CULPlugin.h */ = {isa = PBXFileReference; lastKnownFileType = sourcecode.c.h; name = "CDVPluginResult+CULPlugin.h"; path = "cordova-universal-links-plugin/JS/CDVPluginResult+CULPlugin.h"; sourceTree = "<group>"; fileEncoding = 4; };
		046CC6DB301042DEB2E544F9 /* CDVInvokedUrlCommand+CULPlugin.h */ = {isa = PBXFileReference; lastKnownFileType = sourcecode.c.h; name = "CDVInvokedUrlCommand+CULPlugin.h"; path = "cordova-universal-links-plugin/JS/CDVInvokedUrlCommand+CULPlugin.h"; sourceTree = "<group>"; fileEncoding = 4; };
		48E20ECA8EB94DCE899B9686 /* CDVStatusBar.m */ = {isa = PBXFileReference; lastKnownFileType = sourcecode.c.objc; name = "CDVStatusBar.m"; path = "cordova-plugin-statusbar/CDVStatusBar.m"; sourceTree = "<group>"; fileEncoding = 4; };
		89A195E759AB453DA04B5FA9 /* CDVStatusBar.h */ = {isa = PBXFileReference; lastKnownFileType = sourcecode.c.h; name = "CDVStatusBar.h"; path = "cordova-plugin-statusbar/CDVStatusBar.h"; sourceTree = "<group>"; fileEncoding = 4; };
/* End PBXFileReference section */

/* Begin PBXFrameworksBuildPhase section */
		1D60588F0D05DD3D006BFB54 /* Frameworks */ = {
			isa = PBXFrameworksBuildPhase;
			buildActionMask = 2147483647;
			files = (
				5B1594DD16A7569C00FEF299 /* AssetsLibrary.framework in Frameworks */,
				301BF552109A68D80062928A /* libCordova.a in Frameworks */,
				288765FD0DF74451002DB57D /* CoreGraphics.framework in Frameworks */,
				305D5FD1115AB8F900A74A75 /* MobileCoreServices.framework in Frameworks */,
				A0390B715B29412A8E506993 /* StoreKit.framework in Frameworks */,
				79F24E2D95124BABAB3A1AD0 /* libcomScore.a in Frameworks */,
				895E3C01B8624D98A288A278 /* SystemConfiguration.framework in Frameworks */,
				F317D8D615CA452DB4C8768C /* Security.framework in Frameworks */,
				1106CD8477B640A9887388B7 /* Social.framework in Frameworks */,
				37B79990F89B41C28071C14B /* MessageUI.framework in Frameworks */,
			);
			runOnlyForDeploymentPostprocessing = 0;
		};
/* End PBXFrameworksBuildPhase section */

/* Begin PBXGroup section */
		080E96DDFE201D6D7F000001 /* Classes */ = {
			isa = PBXGroup;
			children = (
				302D95EE14D2391D003F00A1 /* MainViewController.h */,
				302D95EF14D2391D003F00A1 /* MainViewController.m */,
				302D95F014D2391D003F00A1 /* MainViewController.xib */,
				1D3623240D0F684500981E51 /* AppDelegate.h */,
				1D3623250D0F684500981E51 /* AppDelegate.m */,
			);
			name = Classes;
			path = "FutbolCuatro/Classes";
			sourceTree = SOURCE_ROOT;
		};
		19C28FACFE9D520D11CA2CBB /* Products */ = {
			isa = PBXGroup;
			children = (
				1D6058910D05DD3D006BFB54 /* FutbolCuatro.app */,
			);
			name = Products;
			sourceTree = "<group>";
		};
		29B97314FDCFA39411CA2CEA /* CustomTemplate */ = {
			isa = PBXGroup;
			children = (
				EB87FDF41871DAF40020F90C /* config.xml */,
				EB87FDF31871DA8E0020F90C /* www */,
				EB87FDF21871DA7A0020F90C /* merges */,
				EB87FDF11871DA420020F90C /* Staging */,
				301BF52D109A57CC0062928A /* CordovaLib.xcodeproj */,
				080E96DDFE201D6D7F000001 /* Classes */,
				307C750510C5A3420062BCA9 /* Plugins */,
				29B97315FDCFA39411CA2CEA /* Other Sources */,
				29B97317FDCFA39411CA2CEA /* Resources */,
				29B97323FDCFA39411CA2CEA /* Frameworks */,
				19C28FACFE9D520D11CA2CBB /* Products */,
			);
			name = CustomTemplate;
			sourceTree = "<group>";
		};
		29B97315FDCFA39411CA2CEA /* Other Sources */ = {
			isa = PBXGroup;
			children = (
				32CA4F630368D1EE00C91783 /* FutbolCuatro-Prefix.pch */,
				29B97316FDCFA39411CA2CEA /* main.m */,
			);
			name = "Other Sources";
			path = "FutbolCuatro";
			sourceTree = "<group>";
		};
		29B97317FDCFA39411CA2CEA /* Resources */ = {
			isa = PBXGroup;
			children = (
				308D052D1370CCF300D202BF /* icons */,
				308D05311370CCF300D202BF /* splash */,
				8D1107310486CEB800E47090 /* FutbolCuatro-Info.plist */,
				BFF1133FCA75463D95E576D6 /* FutbolCuatro.entitlements */,
			);
			name = Resources;
			path = "FutbolCuatro/Resources";
			sourceTree = "<group>";
		};
		29B97323FDCFA39411CA2CEA /* Frameworks */ = {
			isa = PBXGroup;
			children = (
				5B1594DC16A7569C00FEF299 /* AssetsLibrary.framework */,
				288765FC0DF74451002DB57D /* CoreGraphics.framework */,
				305D5FD0115AB8F900A74A75 /* MobileCoreServices.framework */,
				10A65E0BEFC542E8AAC6BAB7 /* StoreKit.framework */,
				2F4C863730234DB9ABF2C683 /* libcomScore.a */,
				40621B2CE3354D1E98C3BDAA /* SystemConfiguration.framework */,
				B1C59ED300E5420EA7B6B3CC /* Security.framework */,
				5EE6311423704105A6AEF2FC /* Social.framework */,
				6BC0393EDFF84190909CE245 /* MessageUI.framework */,
			);
			name = Frameworks;
			sourceTree = "<group>";
		};
		301BF52E109A57CC0062928A /* Products */ = {
			isa = PBXGroup;
			children = (
				301BF535109A57CC0062928A /* libCordova.a */,
			);
			name = Products;
			sourceTree = "<group>";
		};
		307C750510C5A3420062BCA9 /* Plugins */ = {
			isa = PBXGroup;
			children = (
				CD8B07ACCE454F98B532661B /* InAppPurchase.m */,
				2EF53E03B93F476EA4B1363E /* SKProduct+LocalizedPrice.m */,
				24F420AFC7844F0282A8CA94 /* FileUtility.m */,
				B421C14045B441DD84665474 /* InAppPurchase.h */,
				E9C4A2529A4F4BCAAA6AD3FC /* SKProduct+LocalizedPrice.h */,
				8D453E0DAB004E5D8C7E62D3 /* FileUtility.h */,
				D60DAA26E069454F8630E70E /* ComScorePlugin.m */,
				7D3E119700C340E9B2DB5759 /* ComScorePlugin.h */,
				42E672FC0A9F492F9F990167 /* CSApplicationState.h */,
				1E14F6BD30214932BC0CB1E1 /* CSCacheFlusher.h */,
				0FD1905B2870471E897178BB /* CSCensus.h */,
				AA24DCD1226F40CEBBA31C1B /* CSComScore.h */,
				3B2785C51EAC4714B926F544 /* CSCore.h */,
				19310A90678D4C1FAECF0C3C /* CSEventType.h */,
				E8E82D556F9C4A1D987F7B4D /* CSKeepAlive.h */,
				233EF037282E41238F2FF235 /* CSMeasurementDispatcher.h */,
				63BCF833B6E4489887381910 /* CSNotificationsObserver.h */,
				4BCA6BC3281A44869301D895 /* CSOfflineCache.h */,
				14360F2FD79946E49B7E14DA /* CSSessionState.h */,
				1D79D67DE55C4F3DAE8086E8 /* CSStorage.h */,
				ACA7FAA6D956469A9572EBAC /* CSTaskExecutor.h */,
				944AE929E2D84AB5868F56DA /* CSTransmissionMode.h */,
				3EC08FCB1E0E4C6D871DADD5 /* AppVersion.m */,
				D4EF5D1173A3421F80303193 /* AppVersion.h */,
				15CE0FBBC9784C7ABA10F8C9 /* CDVLogger.m */,
				B708169D933842C3A01133C4 /* CDVLogger.h */,
				61BD53414EE54307AFF64E86 /* CDVDevice.m */,
				8591254698624A79910D71F0 /* CDVDevice.h */,
				5ABA67184D774A7F8447F97B /* CDVInAppBrowser.m */,
				26485D4905FE49DDA1A40DE2 /* CDVInAppBrowser.h */,
				0E3A094433F74099B064F80E /* CDVSplashScreen.m */,
				B42C744392F245369BB4AA4A /* CDVViewController+SplashScreen.m */,
				3D956246C971493FBF187F7A /* CDVSplashScreen.h */,
				4F2DB3E7F371443A89902BF9 /* CDVViewController+SplashScreen.h */,
				9D235B1FAB7043ECABEA40C9 /* NSString+URLEncoding.m */,
				7DE5F284C38C4F559910C73F /* SocialSharing.m */,
				12BAF6DEBED54FB387222C17 /* NSString+URLEncoding.h */,
				55FE75C51BF1420A83516CF5 /* SocialSharing.h */,
				D9949BFE08D449548C37E7C5 /* CULPlugin.m */,
				784B06A442DE45F784D00603 /* AppDelegate+CULPlugin.m */,
				E367445628214CDCB8B24F4F /* CDVPluginResult+CULPlugin.m */,
				CD093BD777424C59A850150A /* CDVInvokedUrlCommand+CULPlugin.m */,
				97B265DF9E3846E6B978C73D /* CULHost.m */,
				13A2155D3AAA425AB666041D /* CULHost.h */,
				C8A39E22AEFA4A4AB6662823 /* CULPath.m */,
				075FA26ED00D43FBAEEF2F02 /* CULPath.h */,
				7F4819A107AD41309340F434 /* CULXmlTags.m */,
				C87061A12DC44A818334D023 /* CULXmlTags.h */,
				6ABDA31961A4423EBE1F5D62 /* CULConfigXmlParser.m */,
				976498311F4749FEA98DDA1A /* CULConfigXmlParser.h */,
				139EFA8334FB49928EADB630 /* NSBundle+CULPlugin.m */,
				EBBB73809F674E11B7BD6A6D /* NSBundle+CULPlugin.h */,
				5175DF389D284F539DE7AA28 /* CULPlugin.h */,
				1A21AAAEF0674A6EA6BE7773 /* AppDelegate+CULPlugin.h */,
				788E46E0EA664B9884D0691A /* CDVPluginResult+CULPlugin.h */,
				046CC6DB301042DEB2E544F9 /* CDVInvokedUrlCommand+CULPlugin.h */,
				48E20ECA8EB94DCE899B9686 /* CDVStatusBar.m */,
				89A195E759AB453DA04B5FA9 /* CDVStatusBar.h */,
			);
			name = Plugins;
			path = "FutbolCuatro/Plugins";
			sourceTree = SOURCE_ROOT;
		};
		308D052D1370CCF300D202BF /* icons */ = {
			isa = PBXGroup;
			children = (
				30C1856519D5FC0A00212699 /* icon-60@3x.png */,
				7E7966D41810823500FA85AD /* icon-40.png */,
				7E7966D51810823500FA85AD /* icon-40@2x.png */,
				7E7966D61810823500FA85AD /* icon-50.png */,
				7E7966D71810823500FA85AD /* icon-50@2x.png */,
				7E7966D81810823500FA85AD /* icon-60.png */,
				7E7966D91810823500FA85AD /* icon-60@2x.png */,
				7E7966DA1810823500FA85AD /* icon-76.png */,
				7E7966DB1810823500FA85AD /* icon-76@2x.png */,
				7E7966DC1810823500FA85AD /* icon-small.png */,
				7E7966DD1810823500FA85AD /* icon-small@2x.png */,
				30FC414816E50CA1004E6F35 /* icon-72@2x.png */,
				308D052E1370CCF300D202BF /* icon-72.png */,
				308D052F1370CCF300D202BF /* icon.png */,
				308D05301370CCF300D202BF /* icon@2x.png */,
			);
			path = icons;
			sourceTree = "<group>";
		};
		308D05311370CCF300D202BF /* splash */ = {
			isa = PBXGroup;
			children = (
				30B4F2FD19D5E07200D9F7D8 /* Default-667h.png */,
				30B4F2FE19D5E07200D9F7D8 /* Default-736h.png */,
				30B4F2FF19D5E07200D9F7D8 /* Default-Landscape-736h.png */,
				D4A0D8751607E02300AEF8BB /* Default-568h@2x~iphone.png */,
				3088BBB7154F3926009F9C59 /* Default-Landscape@2x~ipad.png */,
				3088BBB8154F3926009F9C59 /* Default-Landscape~ipad.png */,
				3088BBB9154F3926009F9C59 /* Default-Portrait@2x~ipad.png */,
				3088BBBA154F3926009F9C59 /* Default-Portrait~ipad.png */,
				3088BBBB154F3926009F9C59 /* Default@2x~iphone.png */,
				3088BBBC154F3926009F9C59 /* Default~iphone.png */,
			);
			path = splash;
			sourceTree = "<group>";
		};
		EB87FDF11871DA420020F90C /* Staging */ = {
			isa = PBXGroup;
			children = (
				F840E1F0165FE0F500CFE078 /* config.xml */,
				301BF56E109A69640062928A /* www */,
			);
			name = Staging;
			sourceTree = "<group>";
		};
/* End PBXGroup section */

/* Begin PBXNativeTarget section */
		1D6058900D05DD3D006BFB54 /* FutbolCuatro */ = {
			isa = PBXNativeTarget;
			buildConfigurationList = 1D6058960D05DD3E006BFB54 /* Build configuration list for PBXNativeTarget "FutbolCuatro" */;
			buildPhases = (
				304B58A110DAC018002A0835 /* Copy www directory */,
				1D60588D0D05DD3D006BFB54 /* Resources */,
				1D60588E0D05DD3D006BFB54 /* Sources */,
				1D60588F0D05DD3D006BFB54 /* Frameworks */,
			);
			buildRules = (
			);
			dependencies = (
				301BF551109A68C00062928A /* PBXTargetDependency */,
			);
			name = "FutbolCuatro";
			productName = "FutbolCuatro";
			productReference = 1D6058910D05DD3D006BFB54 /* FutbolCuatro.app */;
			productType = "com.apple.product-type.application";
		};
/* End PBXNativeTarget section */

/* Begin PBXProject section */
		29B97313FDCFA39411CA2CEA /* Project object */ = {
			isa = PBXProject;
			attributes = {
				LastUpgradeCheck = 510;
			};
			buildConfigurationList = C01FCF4E08A954540054247B /* Build configuration list for PBXProject "__CLI__" */;
			compatibilityVersion = "Xcode 3.2";
			developmentRegion = English;
			hasScannedForEncodings = 1;
			knownRegions = (
				English,
				Japanese,
				French,
				German,
				en,
				es,
				de,
				se,
			);
			mainGroup = 29B97314FDCFA39411CA2CEA /* CustomTemplate */;
			projectDirPath = "";
			projectReferences = (
				{
					ProductGroup = 301BF52E109A57CC0062928A /* Products */;
					ProjectRef = 301BF52D109A57CC0062928A /* CordovaLib.xcodeproj */;
				},
			);
			projectRoot = "";
			targets = (
				1D6058900D05DD3D006BFB54 /* FutbolCuatro */,
			);
		};
/* End PBXProject section */

/* Begin PBXReferenceProxy section */
		301BF535109A57CC0062928A /* libCordova.a */ = {
			isa = PBXReferenceProxy;
			fileType = archive.ar;
			path = libCordova.a;
			remoteRef = 301BF534109A57CC0062928A /* PBXContainerItemProxy */;
			sourceTree = BUILT_PRODUCTS_DIR;
		};
/* End PBXReferenceProxy section */

/* Begin PBXResourcesBuildPhase section */
		1D60588D0D05DD3D006BFB54 /* Resources */ = {
			isa = PBXResourcesBuildPhase;
			buildActionMask = 2147483647;
			files = (
				7E7966E41810823500FA85AD /* icon-76.png in Resources */,
				7E7966DF1810823500FA85AD /* icon-40@2x.png in Resources */,
				308D05371370CCF300D202BF /* icon-72.png in Resources */,
				30B4F30119D5E07200D9F7D8 /* Default-736h.png in Resources */,
				308D05381370CCF300D202BF /* icon.png in Resources */,
				308D05391370CCF300D202BF /* icon@2x.png in Resources */,
				302D95F214D2391D003F00A1 /* MainViewController.xib in Resources */,
				7E7966E01810823500FA85AD /* icon-50.png in Resources */,
				7E7966E31810823500FA85AD /* icon-60@2x.png in Resources */,
				7E7966E61810823500FA85AD /* icon-small.png in Resources */,
				3088BBBD154F3926009F9C59 /* Default-Landscape@2x~ipad.png in Resources */,
				3088BBBE154F3926009F9C59 /* Default-Landscape~ipad.png in Resources */,
				3088BBBF154F3926009F9C59 /* Default-Portrait@2x~ipad.png in Resources */,
				7E7966E71810823500FA85AD /* icon-small@2x.png in Resources */,
				3088BBC0154F3926009F9C59 /* Default-Portrait~ipad.png in Resources */,
				30B4F30019D5E07200D9F7D8 /* Default-667h.png in Resources */,
				7E7966DE1810823500FA85AD /* icon-40.png in Resources */,
				3088BBC1154F3926009F9C59 /* Default@2x~iphone.png in Resources */,
				7E7966E21810823500FA85AD /* icon-60.png in Resources */,
				3088BBC2154F3926009F9C59 /* Default~iphone.png in Resources */,
				D4A0D8761607E02300AEF8BB /* Default-568h@2x~iphone.png in Resources */,
				30B4F30219D5E07200D9F7D8 /* Default-Landscape-736h.png in Resources */,
				30C1856619D5FC0A00212699 /* icon-60@3x.png in Resources */,
				7E7966E11810823500FA85AD /* icon-50@2x.png in Resources */,
				7E7966E51810823500FA85AD /* icon-76@2x.png in Resources */,
				30FC414916E50CA1004E6F35 /* icon-72@2x.png in Resources */,
				7C453E092C304D01B3AEF45C /* FutbolCuatro.entitlements in Resources */,
			);
			runOnlyForDeploymentPostprocessing = 0;
		};
/* End PBXResourcesBuildPhase section */

/* Begin PBXShellScriptBuildPhase section */
		304B58A110DAC018002A0835 /* Copy www directory */ = {
			isa = PBXShellScriptBuildPhase;
			buildActionMask = 2147483647;
			files = (
			);
			inputPaths = (
			);
			name = "Copy www directory";
			outputPaths = (
			);
			runOnlyForDeploymentPostprocessing = 0;
			shellPath = /bin/sh;
			shellScript = "NODEJS_PATH=/usr/local/bin; NVM_NODE_PATH=~/.nvm/versions/node/`nvm version 2>/dev/null`/bin; N_NODE_PATH=`find /usr/local/n/versions/node/* -maxdepth 0 -type d 2>/dev/null | tail -1`/bin; XCODE_NODE_PATH=`xcode-select --print-path`/usr/share/xcs/Node/bin; PATH=$NODEJS_PATH:$NVM_NODE_PATH:$N_NODE_PATH:$XCODE_NODE_PATH:$PATH && node cordova/lib/copy-www-build-step.js";
			showEnvVarsInLog = 0;
		};
/* End PBXShellScriptBuildPhase section */

/* Begin PBXSourcesBuildPhase section */
		1D60588E0D05DD3D006BFB54 /* Sources */ = {
			isa = PBXSourcesBuildPhase;
			buildActionMask = 2147483647;
			files = (
				1D60589B0D05DD56006BFB54 /* main.m in Sources */,
				1D3623260D0F684500981E51 /* AppDelegate.m in Sources */,
				302D95F114D2391D003F00A1 /* MainViewController.m in Sources */,
				FF5C1BC34242434A8A809543 /* InAppPurchase.m in Sources */,
				C3440917FFB14DEB860095E4 /* SKProduct+LocalizedPrice.m in Sources */,
				A6BE96DD07F64583A2BA2A98 /* FileUtility.m in Sources */,
				2F5B9823FBED40A1B7539E95 /* ComScorePlugin.m in Sources */,
				53A7269CE7FF4C0EAE4ECF36 /* AppVersion.m in Sources */,
				9846B82AC26F41F6BC26D559 /* CDVLogger.m in Sources */,
				5529B515FEA74B6DBF397E22 /* CDVDevice.m in Sources */,
				C4B23D30AF9A4AE6A6B887C8 /* CDVInAppBrowser.m in Sources */,
				4C4D18ED894A45F490EC74D4 /* CDVSplashScreen.m in Sources */,
				634A17E16CC4499ABEFACBB6 /* CDVViewController+SplashScreen.m in Sources */,
				BBD8BC63249E435EB0BC7A3A /* NSString+URLEncoding.m in Sources */,
				39329826491B423BB4087496 /* SocialSharing.m in Sources */,
				D011B47AE49A4D0487A32D9E /* CULPlugin.m in Sources */,
				2A35CA69432C4C46ADE8E783 /* AppDelegate+CULPlugin.m in Sources */,
				D7AF9ADFAB834037A352AD73 /* CDVPluginResult+CULPlugin.m in Sources */,
				D099E42FAC8140509FA4F97A /* CDVInvokedUrlCommand+CULPlugin.m in Sources */,
				EABF3C7423D04E9E91556832 /* CULHost.m in Sources */,
				02F406D92C994857A945B3DB /* CULHost.h in Resources */,
				09BD8E2A838F4869A3A4625F /* CULPath.m in Sources */,
				905D0AB85F4F4B08BDE3309C /* CULPath.h in Resources */,
				AD6F79FA5D9F4AD69EC3D1A5 /* CULXmlTags.m in Sources */,
				2746B1BD121D42B896ED3449 /* CULXmlTags.h in Resources */,
				E9808896E8954B4F95B062DC /* CULConfigXmlParser.m in Sources */,
				F58DDEAFC69F4C2BBDA5D8C7 /* CULConfigXmlParser.h in Resources */,
				C1A2E634961E43DF80A25BC1 /* NSBundle+CULPlugin.m in Sources */,
				62095FAFD98249C5856E2D4F /* NSBundle+CULPlugin.h in Resources */,
				9E18DE5BE9F14234B9D19E86 /* CDVStatusBar.m in Sources */,
			);
			runOnlyForDeploymentPostprocessing = 0;
		};
/* End PBXSourcesBuildPhase section */

/* Begin PBXTargetDependency section */
		301BF551109A68C00062928A /* PBXTargetDependency */ = {
			isa = PBXTargetDependency;
			name = CordovaLib;
			targetProxy = 301BF550109A68C00062928A /* PBXContainerItemProxy */;
		};
/* End PBXTargetDependency section */

/* Begin XCBuildConfiguration section */
		1D6058940D05DD3E006BFB54 /* Debug */ = {
			isa = XCBuildConfiguration;
			buildSettings = {
				ALWAYS_SEARCH_USER_PATHS = NO;
				CLANG_ENABLE_OBJC_ARC = YES;
				COPY_PHASE_STRIP = NO;
				GCC_DYNAMIC_NO_PIC = NO;
				GCC_OPTIMIZATION_LEVEL = 0;
				GCC_PRECOMPILE_PREFIX_HEADER = YES;
				GCC_PREFIX_HEADER = "FutbolCuatro/FutbolCuatro-Prefix.pch";
				GCC_THUMB_SUPPORT = NO;
				GCC_VERSION = "";
				INFOPLIST_FILE = "FutbolCuatro/FutbolCuatro-Info.plist";
				IPHONEOS_DEPLOYMENT_TARGET = 8.0;
				OTHER_LDFLAGS = (
					"-weak_framework",
					CoreFoundation,
					"-weak_framework",
					UIKit,
					"-weak_framework",
					AVFoundation,
					"-weak_framework",
					CoreMedia,
					"-weak-lSystem",
					"-ObjC",
				);
				PRODUCT_NAME = "FutbolCuatro";
				TARGETED_DEVICE_FAMILY = "1,2";
				CODE_SIGN_ENTITLEMENTS = "FutbolCuatro/Resources/FutbolCuatro.entitlements";
				LIBRARY_SEARCH_PATHS = (
					"$(inherited)",
					"\"$(SRCROOT)/FutbolCuatro/Plugins/com.comscoreplugin\"",
				);
			};
			name = Debug;
		};
		1D6058950D05DD3E006BFB54 /* Release */ = {
			isa = XCBuildConfiguration;
			buildSettings = {
				ALWAYS_SEARCH_USER_PATHS = NO;
				CLANG_ENABLE_OBJC_ARC = YES;
				COPY_PHASE_STRIP = YES;
				GCC_PRECOMPILE_PREFIX_HEADER = YES;
				GCC_PREFIX_HEADER = "FutbolCuatro/FutbolCuatro-Prefix.pch";
				GCC_THUMB_SUPPORT = NO;
				GCC_VERSION = "";
				INFOPLIST_FILE = "FutbolCuatro/FutbolCuatro-Info.plist";
				IPHONEOS_DEPLOYMENT_TARGET = 8.0;
				OTHER_LDFLAGS = (
					"-weak_framework",
					CoreFoundation,
					"-weak_framework",
					UIKit,
					"-weak_framework",
					AVFoundation,
					"-weak_framework",
					CoreMedia,
					"-weak-lSystem",
					"-ObjC",
				);
				PRODUCT_NAME = "FutbolCuatro";
				TARGETED_DEVICE_FAMILY = "1,2";
				CODE_SIGN_ENTITLEMENTS = "FutbolCuatro/Resources/FutbolCuatro.entitlements";
				LIBRARY_SEARCH_PATHS = (
					"$(inherited)",
					"\"$(SRCROOT)/FutbolCuatro/Plugins/com.comscoreplugin\"",
				);
			};
			name = Release;
		};
		C01FCF4F08A954540054247B /* Debug */ = {
			isa = XCBuildConfiguration;
			buildSettings = {
				CLANG_ENABLE_OBJC_ARC = YES;
				CLANG_WARN_BOOL_CONVERSION = YES;
				CLANG_WARN_CONSTANT_CONVERSION = YES;
				CLANG_WARN_EMPTY_BODY = YES;
				CLANG_WARN_ENUM_CONVERSION = YES;
				CLANG_WARN_INT_CONVERSION = YES;
				CLANG_WARN__DUPLICATE_METHOD_MATCH = YES;
				"CODE_SIGN_IDENTITY[sdk=iphoneos*]" = "iPhone Developer";
				GCC_C_LANGUAGE_STANDARD = c99;
				GCC_THUMB_SUPPORT = NO;
				GCC_VERSION = "";
				GCC_WARN_ABOUT_RETURN_TYPE = YES;
				GCC_WARN_UNDECLARED_SELECTOR = YES;
				GCC_WARN_UNINITIALIZED_AUTOS = YES;
				GCC_WARN_UNUSED_FUNCTION = YES;
				GCC_WARN_UNUSED_VARIABLE = YES;
				HEADER_SEARCH_PATHS = (
					"\"$(TARGET_BUILD_DIR)/usr/local/lib/include\"",
					"\"$(OBJROOT)/UninstalledProducts/include\"",
					"\"$(BUILT_PRODUCTS_DIR)\"",
				);
				IPHONEOS_DEPLOYMENT_TARGET = 8.0;
				ONLY_ACTIVE_ARCH = YES;
				OTHER_LDFLAGS = (
					"-weak_framework",
					CoreFoundation,
					"-weak_framework",
					UIKit,
					"-weak_framework",
					AVFoundation,
					"-weak_framework",
					CoreMedia,
					"-weak-lSystem",
					"-ObjC",
				);
				SDKROOT = iphoneos;
				SKIP_INSTALL = NO;
				USER_HEADER_SEARCH_PATHS = "";
				CODE_SIGN_ENTITLEMENTS = "FutbolCuatro/Resources/FutbolCuatro.entitlements";
			};
			name = Debug;
		};
		C01FCF5008A954540054247B /* Release */ = {
			isa = XCBuildConfiguration;
			buildSettings = {
				CLANG_ENABLE_OBJC_ARC = YES;
				CLANG_WARN_BOOL_CONVERSION = YES;
				CLANG_WARN_CONSTANT_CONVERSION = YES;
				CLANG_WARN_EMPTY_BODY = YES;
				CLANG_WARN_ENUM_CONVERSION = YES;
				CLANG_WARN_INT_CONVERSION = YES;
				CLANG_WARN__DUPLICATE_METHOD_MATCH = YES;
				"CODE_SIGN_IDENTITY[sdk=iphoneos*]" = "iPhone Developer";
				GCC_C_LANGUAGE_STANDARD = c99;
				GCC_THUMB_SUPPORT = NO;
				GCC_VERSION = "";
				GCC_WARN_ABOUT_RETURN_TYPE = YES;
				GCC_WARN_UNDECLARED_SELECTOR = YES;
				GCC_WARN_UNINITIALIZED_AUTOS = YES;
				GCC_WARN_UNUSED_FUNCTION = YES;
				GCC_WARN_UNUSED_VARIABLE = YES;
				HEADER_SEARCH_PATHS = (
					"\"$(TARGET_BUILD_DIR)/usr/local/lib/include\"",
					"\"$(OBJROOT)/UninstalledProducts/include\"",
					"\"$(BUILT_PRODUCTS_DIR)\"",
					"\"$(OBJROOT)/UninstalledProducts/$(PLATFORM_NAME)/include\"",
				);
				IPHONEOS_DEPLOYMENT_TARGET = 8.0;
				OTHER_LDFLAGS = (
					"-weak_framework",
					CoreFoundation,
					"-weak_framework",
					UIKit,
					"-weak_framework",
					AVFoundation,
					"-weak_framework",
					CoreMedia,
					"-weak-lSystem",
					"-ObjC",
				);
				SDKROOT = iphoneos;
				SKIP_INSTALL = NO;
				USER_HEADER_SEARCH_PATHS = "";
				CODE_SIGN_ENTITLEMENTS = "FutbolCuatro/Resources/FutbolCuatro.entitlements";
			};
			name = Release;
		};
/* End XCBuildConfiguration section */

/* Begin XCConfigurationList section */
		1D6058960D05DD3E006BFB54 /* Build configuration list for PBXNativeTarget "FutbolCuatro" */ = {
			isa = XCConfigurationList;
			buildConfigurations = (
				1D6058940D05DD3E006BFB54 /* Debug */,
				1D6058950D05DD3E006BFB54 /* Release */,
			);
			defaultConfigurationIsVisible = 0;
			defaultConfigurationName = Release;
		};
		C01FCF4E08A954540054247B /* Build configuration list for PBXProject "__CLI__" */ = {
			isa = XCConfigurationList;
			buildConfigurations = (
				C01FCF4F08A954540054247B /* Debug */,
				C01FCF5008A954540054247B /* Release */,
			);
			defaultConfigurationIsVisible = 0;
			defaultConfigurationName = Release;
		};
/* End XCConfigurationList section */
	};
	rootObject = 29B97313FDCFA39411CA2CEA /* Project object */;
}
